[[package]]
category = "main"
description = "A library for parsing ISO 8601 strings."
name = "aniso8601"
optional = false
python-versions = "*"
version = "7.0.0"

[[package]]
category = "dev"
description = "A small Python module for determining appropriate platform-specific dirs, e.g. a \"user data dir\"."
name = "appdirs"
optional = false
python-versions = "*"
version = "1.4.3"

[[package]]
category = "dev"
description = "Disable App Nap on OS X 10.9"
marker = "python_version >= \"3.3\" and sys_platform == \"darwin\""
name = "appnope"
optional = false
python-versions = "*"
version = "0.1.0"

[[package]]
category = "dev"
description = "Atomic file writes."
name = "atomicwrites"
optional = false
python-versions = ">=2.7, !=3.0.*, !=3.1.*, !=3.2.*, !=3.3.*"
version = "1.3.0"

[[package]]
category = "dev"
description = "Classes Without Boilerplate"
name = "attrs"
optional = false
python-versions = ">=2.7, !=3.0.*, !=3.1.*, !=3.2.*, !=3.3.*"
version = "19.3.0"

[[package]]
category = "dev"
description = "Specifications for callback functions passed in to an API"
marker = "python_version >= \"3.3\""
name = "backcall"
optional = false
python-versions = "*"
version = "0.1.0"

[[package]]
category = "dev"
description = "Security oriented static analyser for python code."
name = "bandit"
optional = false
python-versions = "*"
version = "1.6.2"

[package.dependencies]
GitPython = ">=1.0.1"
PyYAML = ">=3.13"
colorama = ">=0.3.9"
six = ">=1.10.0"
stevedore = ">=1.20.0"

[[package]]
category = "dev"
description = "The uncompromising code formatter."
name = "black"
optional = false
python-versions = ">=3.6"
version = "18.9b0"

[package.dependencies]
appdirs = "*"
attrs = ">=17.4.0"
click = ">=6.5"
toml = ">=0.9.4"

[[package]]
category = "dev"
description = "Composable command line interface toolkit"
name = "click"
optional = false
python-versions = ">=2.7, !=3.0.*, !=3.1.*, !=3.2.*, !=3.3.*"
version = "7.0"

[[package]]
category = "dev"
description = "Cross-platform colored terminal text."
marker = "python_version >= \"3.3\" and sys_platform == \"win32\" or sys_platform == \"win32\" or platform_system == \"Windows\""
name = "colorama"
optional = false
python-versions = ">=2.7, !=3.0.*, !=3.1.*, !=3.2.*, !=3.3.*"
version = "0.4.1"

[[package]]
category = "dev"
description = "Code coverage measurement for Python"
name = "coverage"
optional = false
python-versions = ">=2.6, !=3.0.*, !=3.1.*, !=3.2.*, <4"
version = "4.5.4"

[[package]]
category = "dev"
description = "Better living through Python with decorators"
marker = "python_version >= \"3.3\""
name = "decorator"
optional = false
python-versions = ">=2.6, !=3.0.*, !=3.1.*"
version = "4.4.0"

[[package]]
category = "main"
description = "A high-level Python Web framework that encourages rapid development and clean, pragmatic design."
name = "django"
optional = false
python-versions = ">=3.5"
version = "2.2.6"

[package.dependencies]
pytz = "*"
sqlparse = "*"

[[package]]
category = "main"
description = "Django-filter is a reusable Django application for allowing users to filter querysets dynamically."
name = "django-filter"
optional = false
python-versions = ">=3.4"
version = "2.2.0"

[package.dependencies]
Django = ">=1.11"

[[package]]
category = "main"
description = "Web APIs for Django, made easy."
name = "djangorestframework"
optional = false
python-versions = ">=3.5"
version = "3.10.3"

[[package]]
category = "dev"
description = "Discover and load entry points from installed packages."
name = "entrypoints"
optional = false
python-versions = ">=2.7"
version = "0.3"

[[package]]
category = "dev"
description = "A versatile test fixtures replacement based on thoughtbot's factory_bot for Ruby."
name = "factory-boy"
optional = false
python-versions = ">=2.7, !=3.0.*, !=3.1.*, !=3.2.*, !=3.3.*"
version = "2.12.0"

[package.dependencies]
Faker = ">=0.7.0"

[[package]]
category = "dev"
description = "Faker is a Python package that generates fake data for you."
name = "faker"
optional = false
python-versions = ">=2.7, !=3.0.*, !=3.1.*, !=3.2.*, !=3.3.*"
version = "2.0.3"

[package.dependencies]
python-dateutil = ">=2.4"
six = ">=1.10"
text-unidecode = "1.3"

[[package]]
category = "dev"
description = "A platform independent file lock."
name = "filelock"
optional = false
python-versions = "*"
version = "3.0.12"

[[package]]
category = "dev"
description = "the modular source code checker: pep8, pyflakes and co"
name = "flake8"
optional = false
python-versions = ">=2.7, !=3.0.*, !=3.1.*, !=3.2.*, !=3.3.*"
version = "3.7.8"

[package.dependencies]
entrypoints = ">=0.3.0,<0.4.0"
mccabe = ">=0.6.0,<0.7.0"
pycodestyle = ">=2.5.0,<2.6.0"
pyflakes = ">=2.1.0,<2.2.0"

[[package]]
category = "dev"
description = "Git Object Database"
name = "gitdb2"
optional = false
python-versions = ">=2.7, !=3.0.*, !=3.1.*, !=3.2.*, !=3.3.*"
version = "2.0.6"

[package.dependencies]
smmap2 = ">=2.0.0"

[[package]]
category = "dev"
description = "Python Git Library"
name = "gitpython"
optional = false
python-versions = ">=3.0, !=3.0.*, !=3.1.*, !=3.2.*, !=3.3.*"
version = "3.0.3"

[package.dependencies]
gitdb2 = ">=2.0.0"

[[package]]
category = "main"
description = "GraphQL Framework for Python"
name = "graphene"
optional = false
python-versions = "*"
version = "2.1.8"

[package.dependencies]
aniso8601 = ">=3,<=7"
graphql-core = ">=2.1,<3"
graphql-relay = ">=2,<3"
six = ">=1.10.0,<2"

[[package]]
category = "main"
description = "Graphene Django integration"
name = "graphene-django"
optional = false
python-versions = "*"
version = "2.6.0"

[package.dependencies]
Django = ">=1.11"
graphene = ">=2.1.7,<3"
graphql-core = ">=2.1.0,<3"
promise = ">=2.1"
singledispatch = ">=3.4.0.3"
six = ">=1.10.0"

[[package]]
category = "main"
description = "GraphQL implementation for Python"
name = "graphql-core"
optional = false
python-versions = "*"
version = "2.2.1"

[package.dependencies]
promise = ">=2.1"
rx = ">=1.6,<3"
six = ">=1.10.0"

[[package]]
category = "main"
description = "Relay implementation for Python"
name = "graphql-relay"
optional = false
python-versions = "*"
version = "2.0.0"

[package.dependencies]
graphql-core = ">=2.2,<3"
promise = ">=2.2,<3"
six = ">=1.12"

[[package]]
category = "dev"
description = "Read metadata from Python packages"
marker = "python_version < \"3.8\""
name = "importlib-metadata"
optional = false
python-versions = ">=2.7,!=3.0,!=3.1,!=3.2,!=3.3"
version = "0.23"

[package.dependencies]
zipp = ">=0.5"

[[package]]
category = "dev"
description = "IPython-enabled pdb"
name = "ipdb"
optional = false
python-versions = ">=2.7"
version = "0.11"

[package.dependencies]
setuptools = "*"

[package.dependencies.ipython]
python = ">=3.3"
version = ">=5.0.0"

[[package]]
category = "dev"
description = "IPython: Productive Interactive Computing"
marker = "python_version >= \"3.3\""
name = "ipython"
optional = false
python-versions = ">=3.5"
version = "7.8.0"

[package.dependencies]
appnope = "*"
backcall = "*"
colorama = "*"
decorator = "*"
jedi = ">=0.10"
pexpect = "*"
pickleshare = "*"
prompt-toolkit = ">=2.0.0,<2.1.0"
pygments = "*"
setuptools = ">=18.5"
traitlets = ">=4.2"

[[package]]
category = "dev"
description = "Vestigial utilities from IPython"
marker = "python_version >= \"3.3\""
name = "ipython-genutils"
optional = false
python-versions = "*"
version = "0.2.0"

[[package]]
category = "dev"
description = "An autocompletion tool for Python that can be used for text editors."
marker = "python_version >= \"3.3\""
name = "jedi"
optional = false
python-versions = ">=2.7, !=3.0.*, !=3.1.*, !=3.2.*, !=3.3.*"
version = "0.15.1"

[package.dependencies]
parso = ">=0.5.0"

[[package]]
category = "dev"
description = "McCabe checker, plugin for flake8"
name = "mccabe"
optional = false
python-versions = "*"
version = "0.6.1"

[[package]]
category = "dev"
description = "More routines for operating on iterables, beyond itertools"
name = "more-itertools"
optional = false
python-versions = ">=3.4"
version = "7.2.0"

[[package]]
category = "dev"
description = "Core utilities for Python packages"
name = "packaging"
optional = false
python-versions = ">=2.7, !=3.0.*, !=3.1.*, !=3.2.*, !=3.3.*"
version = "19.2"

[package.dependencies]
pyparsing = ">=2.0.2"
six = "*"

[[package]]
category = "dev"
description = "A Python Parser"
marker = "python_version >= \"3.3\""
name = "parso"
optional = false
python-versions = "*"
version = "0.5.1"

[[package]]
category = "dev"
description = "Python Build Reasonableness"
name = "pbr"
optional = false
python-versions = "*"
version = "5.4.3"

[[package]]
category = "dev"
description = "Pexpect allows easy control of interactive console applications."
marker = "python_version >= \"3.3\" and sys_platform != \"win32\""
name = "pexpect"
optional = false
python-versions = "*"
version = "4.7.0"

[package.dependencies]
ptyprocess = ">=0.5"

[[package]]
category = "dev"
description = "Tiny 'shelve'-like database with concurrency support"
marker = "python_version >= \"3.3\""
name = "pickleshare"
optional = false
python-versions = "*"
version = "0.7.5"

[[package]]
category = "dev"
description = "plugin and hook calling mechanisms for python"
name = "pluggy"
optional = false
python-versions = ">=2.7, !=3.0.*, !=3.1.*, !=3.2.*, !=3.3.*"
version = "0.13.0"

[package.dependencies]
[package.dependencies.importlib-metadata]
python = "<3.8"
version = ">=0.12"

[[package]]
category = "main"
description = "Promises/A+ implementation for Python"
name = "promise"
optional = false
python-versions = "*"
version = "2.2.1"

[package.dependencies]
six = "*"

[[package]]
category = "dev"
description = "Library for building powerful interactive command lines in Python"
marker = "python_version >= \"3.3\""
name = "prompt-toolkit"
optional = false
python-versions = ">=2.6, !=3.0.*, !=3.1.*, !=3.2.*"
version = "2.0.10"

[package.dependencies]
six = ">=1.9.0"
wcwidth = "*"

[[package]]
category = "dev"
description = "Run a subprocess in a pseudo terminal"
marker = "python_version >= \"3.3\" and sys_platform != \"win32\""
name = "ptyprocess"
optional = false
python-versions = "*"
version = "0.6.0"

[[package]]
category = "dev"
description = "library with cross-python path, ini-parsing, io, code, log facilities"
name = "py"
optional = false
python-versions = ">=2.7, !=3.0.*, !=3.1.*, !=3.2.*, !=3.3.*"
version = "1.8.0"

[[package]]
category = "dev"
description = "Python style guide checker"
name = "pycodestyle"
optional = false
python-versions = ">=2.7, !=3.0.*, !=3.1.*, !=3.2.*, !=3.3.*"
version = "2.5.0"

[[package]]
category = "dev"
description = "passive checker of Python programs"
name = "pyflakes"
optional = false
python-versions = ">=2.7, !=3.0.*, !=3.1.*, !=3.2.*, !=3.3.*"
version = "2.1.1"

[[package]]
category = "dev"
description = "Pygments is a syntax highlighting package written in Python."
marker = "python_version >= \"3.3\""
name = "pygments"
optional = false
python-versions = ">=2.7, !=3.0.*, !=3.1.*, !=3.2.*, !=3.3.*, !=3.4.*"
version = "2.4.2"

[[package]]
category = "dev"
description = "Python parsing module"
name = "pyparsing"
optional = false
python-versions = ">=2.6, !=3.0.*, !=3.1.*, !=3.2.*"
version = "2.4.2"

[[package]]
category = "dev"
description = "pytest: simple powerful testing with Python"
name = "pytest"
optional = false
python-versions = ">=2.7, !=3.0.*, !=3.1.*, !=3.2.*, !=3.3.*"
version = "3.10.1"

[package.dependencies]
atomicwrites = ">=1.0"
attrs = ">=17.4.0"
colorama = "*"
more-itertools = ">=4.0.0"
pluggy = ">=0.7"
py = ">=1.5.0"
setuptools = "*"
six = ">=1.10.0"

[[package]]
category = "dev"
description = "Pytest plugin for measuring coverage."
name = "pytest-cov"
optional = false
python-versions = ">=2.7, !=3.0.*, !=3.1.*, !=3.2.*, !=3.3.*"
version = "2.8.1"

[package.dependencies]
coverage = ">=4.4"
pytest = ">=3.6"

[[package]]
category = "dev"
description = "A Django plugin for pytest."
name = "pytest-django"
optional = false
python-versions = ">=2.7, !=3.0.*, !=3.1.*, !=3.2.*, !=3.3.*"
version = "3.6.0"

[package.dependencies]
pytest = ">=3.6"

[[package]]
category = "main"
description = "Extensions to the standard Python datetime module"
name = "python-dateutil"
optional = false
python-versions = ">=2.7, !=3.0.*, !=3.1.*, !=3.2.*"
version = "2.8.0"

[package.dependencies]
six = ">=1.5"

[[package]]
category = "main"
description = "World timezone definitions, modern and historical"
name = "pytz"
optional = false
python-versions = "*"
version = "2019.3"

[[package]]
category = "dev"
description = "YAML parser and emitter for Python"
name = "pyyaml"
optional = false
python-versions = ">=2.7, !=3.0.*, !=3.1.*, !=3.2.*, !=3.3.*"
version = "5.1.2"

[[package]]
category = "main"
description = "Reactive Extensions (Rx) for Python"
name = "rx"
optional = false
python-versions = "*"
version = "1.6.1"

[[package]]
category = "main"
description = "This library brings functools.singledispatch from Python 3.4 to Python 2.6-3.3."
name = "singledispatch"
optional = false
python-versions = "*"
version = "3.4.0.3"

[package.dependencies]
six = "*"

[[package]]
category = "main"
description = "Python 2 and 3 compatibility utilities"
name = "six"
optional = false
python-versions = ">=2.6, !=3.0.*, !=3.1.*"
version = "1.12.0"

[[package]]
category = "dev"
description = "A pure Python implementation of a sliding window memory map manager"
name = "smmap2"
optional = false
python-versions = ">=2.7, !=3.0.*, !=3.1.*, !=3.2.*, !=3.3.*"
version = "2.0.5"

[[package]]
category = "main"
description = "Non-validating SQL parser"
name = "sqlparse"
optional = false
python-versions = ">=2.7, !=3.0.*, !=3.1.*, !=3.2.*, !=3.3.*"
version = "0.3.0"

[[package]]
category = "dev"
description = "Manage dynamic plugins for Python applications"
name = "stevedore"
optional = false
python-versions = "*"
version = "1.31.0"

[package.dependencies]
pbr = ">=2.0.0,<2.1.0 || >2.1.0"
six = ">=1.10.0"

[[package]]
category = "dev"
description = "The most basic Text::Unidecode port"
name = "text-unidecode"
optional = false
python-versions = "*"
version = "1.3"

[[package]]
category = "dev"
description = "Python Library for Tom's Obvious, Minimal Language"
name = "toml"
optional = false
python-versions = "*"
version = "0.10.0"

[[package]]
category = "dev"
description = "tox is a generic virtualenv management and test command line tool"
name = "tox"
optional = false
python-versions = ">=2.7, !=3.0.*, !=3.1.*, !=3.2.*, !=3.3.*"
version = "3.14.0"

[package.dependencies]
filelock = ">=3.0.0,<4"
packaging = ">=14"
pluggy = ">=0.12.0,<1"
py = ">=1.4.17,<2"
six = ">=1.0.0,<2"
toml = ">=0.9.4"
virtualenv = ">=14.0.0"

[package.dependencies.importlib-metadata]
python = "<3.8"
version = ">=0.12,<1"

[[package]]
category = "dev"
description = "Traitlets Python config system"
marker = "python_version >= \"3.3\""
name = "traitlets"
optional = false
python-versions = "*"
version = "4.3.3"

[package.dependencies]
decorator = "*"
ipython-genutils = "*"
six = "*"

[[package]]
category = "dev"
description = "Virtual Python Environment builder"
name = "virtualenv"
optional = false
python-versions = "!=3.0.*,!=3.1.*,!=3.2.*,!=3.3.*,>=2.7"
version = "16.7.6"

[[package]]
category = "dev"
description = "Measures number of Terminal column cells of wide-character codes"
marker = "python_version >= \"3.3\""
name = "wcwidth"
optional = false
python-versions = "*"
version = "0.1.7"

[[package]]
category = "dev"
description = "Backport of pathlib-compatible object wrapper for zip files"
marker = "python_version < \"3.8\""
name = "zipp"
optional = false
python-versions = ">=2.7"
version = "0.6.0"

[package.dependencies]
more-itertools = "*"

[metadata]
content-hash = "63834d44627221f84ab70a281bee8bce17901ada0887e088fa72e23a181a566d"
python-versions = "^3.6 || ^3.7"

[metadata.hashes]
aniso8601 = ["513d2b6637b7853806ae79ffaca6f3e8754bdd547048f5ccc1420aec4b714f1e", "d10a4bf949f619f719b227ef5386e31f49a2b6d453004b21f02661ccc8670c7b"]
appdirs = ["9e5896d1372858f8dd3344faf4e5014d21849c756c8d5701f78f8a103b372d92", "d8b24664561d0d34ddfaec54636d502d7cea6e29c3eaf68f3df6180863e2166e"]
appnope = ["5b26757dc6f79a3b7dc9fab95359328d5747fcb2409d331ea66d0272b90ab2a0", "8b995ffe925347a2138d7ac0fe77155e4311a0ea6d6da4f5128fe4b3cbe5ed71"]
atomicwrites = ["03472c30eb2c5d1ba9227e4c2ca66ab8287fbfbbda3888aa93dc2e28fc6811b4", "75a9445bac02d8d058d5e1fe689654ba5a6556a1dfd8ce6ec55a0ed79866cfa6"]
attrs = ["08a96c641c3a74e44eb59afb61a24f2cb9f4d7188748e76ba4bb5edfa3cb7d1c", "f7b7ce16570fe9965acd6d30101a28f62fb4a7f9e926b3bbc9b61f8b04247e72"]
backcall = ["38ecd85be2c1e78f77fd91700c76e14667dc21e2713b63876c0eb901196e01e4", "bbbf4b1e5cd2bdb08f915895b51081c041bac22394fdfcfdfbe9f14b77c08bf2"]
bandit = ["336620e220cf2d3115877685e264477ff9d9abaeb0afe3dc7264f55fa17a3952", "41e75315853507aa145d62a78a2a6c5e3240fe14ee7c601459d0df9418196065"]
black = ["817243426042db1d36617910df579a54f1afd659adb96fc5032fcf4b36209739", "e030a9a28f542debc08acceb273f228ac422798e5215ba2a791a6ddeaaca22a5"]
click = ["2335065e6395b9e67ca716de5f7526736bfa6ceead690adf616d925bdc622b13", "5b94b49521f6456670fdb30cd82a4eca9412788a93fa6dd6df72c94d5a8ff2d7"]
colorama = ["05eed71e2e327246ad6b38c540c4a3117230b19679b875190486ddd2d721422d", "f8ac84de7840f5b9c4e3347b3c1eaa50f7e49c2b07596221daec5edaabbd7c48"]
coverage = ["08907593569fe59baca0bf152c43f3863201efb6113ecb38ce7e97ce339805a6", "0be0f1ed45fc0c185cfd4ecc19a1d6532d72f86a2bac9de7e24541febad72650", "141f08ed3c4b1847015e2cd62ec06d35e67a3ac185c26f7635f4406b90afa9c5", "19e4df788a0581238e9390c85a7a09af39c7b539b29f25c89209e6c3e371270d", "23cc09ed395b03424d1ae30dcc292615c1372bfba7141eb85e11e50efaa6b351", "245388cda02af78276b479f299bbf3783ef0a6a6273037d7c60dc73b8d8d7755", "331cb5115673a20fb131dadd22f5bcaf7677ef758741312bee4937d71a14b2ef", "386e2e4090f0bc5df274e720105c342263423e77ee8826002dcffe0c9533dbca", "3a794ce50daee01c74a494919d5ebdc23d58873747fa0e288318728533a3e1ca", "60851187677b24c6085248f0a0b9b98d49cba7ecc7ec60ba6b9d2e5574ac1ee9", "63a9a5fc43b58735f65ed63d2cf43508f462dc49857da70b8980ad78d41d52fc", "6b62544bb68106e3f00b21c8930e83e584fdca005d4fffd29bb39fb3ffa03cb5", "6ba744056423ef8d450cf627289166da65903885272055fb4b5e113137cfa14f", "7494b0b0274c5072bddbfd5b4a6c6f18fbbe1ab1d22a41e99cd2d00c8f96ecfe", "826f32b9547c8091679ff292a82aca9c7b9650f9fda3e2ca6bf2ac905b7ce888", "93715dffbcd0678057f947f496484e906bf9509f5c1c38fc9ba3922893cda5f5", "9a334d6c83dfeadae576b4d633a71620d40d1c379129d587faa42ee3e2a85cce", "af7ed8a8aa6957aac47b4268631fa1df984643f07ef00acd374e456364b373f5", "bf0a7aed7f5521c7ca67febd57db473af4762b9622254291fbcbb8cd0ba5e33e", "bf1ef9eb901113a9805287e090452c05547578eaab1b62e4ad456fcc049a9b7e", "c0afd27bc0e307a1ffc04ca5ec010a290e49e3afbe841c5cafc5c5a80ecd81c9", "dd579709a87092c6dbee09d1b7cfa81831040705ffa12a1b248935274aee0437", "df6712284b2e44a065097846488f66840445eb987eb81b3cc6e4149e7b6982e1", "e07d9f1a23e9e93ab5c62902833bf3e4b1f65502927379148b6622686223125c", "e2ede7c1d45e65e209d6093b762e98e8318ddeff95317d07a27a2140b80cfd24", "e4ef9c164eb55123c62411f5936b5c2e521b12356037b6e1c2617cef45523d47", "eca2b7343524e7ba246cab8ff00cab47a2d6d54ada3b02772e908a45675722e2", "eee64c616adeff7db37cc37da4180a3a5b6177f5c46b187894e633f088fb5b28", "ef824cad1f980d27f26166f86856efe11eff9912c4fed97d3804820d43fa550c", "efc89291bd5a08855829a3c522df16d856455297cf35ae827a37edac45f466a7", "fa964bae817babece5aa2e8c1af841bebb6d0b9add8e637548809d040443fee0", "ff37757e068ae606659c28c3bd0d923f9d29a85de79bf25b2b34b148473b5025"]
decorator = ["86156361c50488b84a3f148056ea716ca587df2f0de1d34750d35c21312725de", "f069f3a01830ca754ba5258fde2278454a0b5b79e0d7f5c13b3b97e57d4acff6"]
django = ["4025317ca01f75fc79250ff7262a06d8ba97cd4f82e93394b2a0a6a4a925caeb", "a8ca1033acac9f33995eb2209a6bf18a4681c3e5269a878e9a7e0b7384ed1ca3"]
django-filter = ["558c727bce3ffa89c4a7a0b13bc8976745d63e5fd576b3a9a851650ef11c401b", "c3deb57f0dd7ff94d7dce52a047516822013e2b441bed472b722a317658cfd14"]
djangorestframework = ["5488aed8f8df5ec1d70f04b2114abc52ae6729748a176c453313834a9ee179c8", "dc81cbf9775c6898a580f6f1f387c4777d12bd87abf0f5406018d32ccae71090"]
entrypoints = ["589f874b313739ad35be6e0cd7efde2a4e9b6fea91edcc34e58ecbb8dbe56d19", "c70dd71abe5a8c85e55e12c19bd91ccfeec11a6e99044204511f9ed547d48451"]
factory-boy = ["728df59b372c9588b83153facf26d3d28947fc750e8e3c95cefa9bed0e6394ee", "faf48d608a1735f0d0a3c9cbf536d64f9132b547dae7ba452c4d99a79e84a370"]
faker = ["5902379d8df308a204fc11c4f621590ee83975805a6c7b2228203b9defa45250", "5e8c755c619f332d5ec28b7586389665f136bcf528e165eb925e87c06a63eda7"]
filelock = ["18d82244ee114f543149c66a6e0c14e9c4f8a1044b5cdaadd0f82159d6a6ff59", "929b7d63ec5b7d6b71b0fa5ac14e030b3f70b75747cef1b10da9b879fef15836"]
flake8 = ["19241c1cbc971b9962473e4438a2ca19749a7dd002dd1a946eaba171b4114548", "8e9dfa3cecb2400b3738a42c54c3043e821682b9c840b0448c0503f781130696"]
gitdb2 = ["1b6df1433567a51a4a9c1a5a0de977aa351a405cc56d7d35f3388bad1f630350", "96bbb507d765a7f51eb802554a9cfe194a174582f772e0d89f4e87288c288b7b"]
gitpython = ["631263cc670aa56ce3d3c414cf0fe2e840f2e913514b138ea28d88a477bbcd21", "6e97b9f0954807f30c2dd8e3165731ed6c477a1b365f194b69d81d7940a08332"]
graphene = ["09165f03e1591b76bf57b133482db9be6dac72c74b0a628d3c93182af9c5a896", "2cbe6d4ef15cfc7b7805e0760a0e5b80747161ce1b0f990dfdc0d2cf497c12f9"]
graphene-django = ["0d1404ab1ba7873a8e848d87d138f615391d100ed0c046482c164429cfb992ef", "fa9e815f63e3c972773adc96c3f3c81e537dba0edcd0f1be92c799bc0b6ed0a8"]
graphql-core = ["1488f2a5c2272dc9ba66e3042a6d1c30cea0db4c80bd1e911c6791ad6187d91b", "da64c472d720da4537a2e8de8ba859210b62841bd47a9be65ca35177f62fe0e4"]
graphql-relay = ["0e94201af4089e1f81f07d7bd8f84799768e39d70fa1ea16d1df505b46cc6335", "75aa0758971e252964cb94068a4decd472d2a8295229f02189e3cbca1f10dbb5", "7fa74661246e826ef939ee92e768f698df167a7617361ab399901eaebf80dce6"]
importlib-metadata = ["aa18d7378b00b40847790e7c27e11673d7fed219354109d0e7b9e5b25dc3ad26", "d5f18a79777f3aa179c145737780282e27b508fc8fd688cb17c7a813e8bd39af"]
ipdb = ["7081c65ed7bfe7737f83fa4213ca8afd9617b42ff6b3f1daf9a3419839a2a00a"]
ipython = ["c4ab005921641e40a68e405e286e7a1fcc464497e14d81b6914b4fd95e5dee9b", "dd76831f065f17bddd7eaa5c781f5ea32de5ef217592cf019e34043b56895aa1"]
ipython-genutils = ["72dd37233799e619666c9f639a9da83c34013a73e8bbc79a7a6348d93c61fab8", "eb2e116e75ecef9d4d228fdc66af54269afa26ab4463042e33785b887c628ba8"]
jedi = ["786b6c3d80e2f06fd77162a07fed81b8baa22dde5d62896a790a331d6ac21a27", "ba859c74fa3c966a22f2aeebe1b74ee27e2a462f56d3f5f7ca4a59af61bfe42e"]
mccabe = ["ab8a6258860da4b6677da4bd2fe5dc2c659cff31b3ee4f7f5d64e79735b80d42", "dd8d182285a0fe56bace7f45b5e7d1a6ebcbf524e8f3bd87eb0f125271b8831f"]
more-itertools = ["409cd48d4db7052af495b09dec721011634af3753ae1ef92d2b32f73a745f832", "92b8c4b06dac4f0611c0729b2f2ede52b2e1bac1ab48f089c7ddc12e26bb60c4"]
packaging = ["28b924174df7a2fa32c1953825ff29c61e2f5e082343165438812f00d3a7fc47", "d9551545c6d761f3def1677baf08ab2a3ca17c56879e70fecba2fc4dde4ed108"]
parso = ["63854233e1fadb5da97f2744b6b24346d2750b85965e7e399bec1620232797dc", "666b0ee4a7a1220f65d367617f2cd3ffddff3e205f3f16a0284df30e774c2a9c"]
pbr = ["2c8e420cd4ed4cec4e7999ee47409e876af575d4c35a45840d59e8b5f3155ab8", "b32c8ccaac7b1a20c0ce00ce317642e6cf231cf038f9875e0280e28af5bf7ac9"]
pexpect = ["2094eefdfcf37a1fdbfb9aa090862c1a4878e5c7e0e7e7088bdb511c558e5cd1", "9e2c1fd0e6ee3a49b28f95d4b33bc389c89b20af6a1255906e90ff1262ce62eb"]
pickleshare = ["87683d47965c1da65cdacaf31c8441d12b8044cdec9aca500cd78fc2c683afca", "9649af414d74d4df115d5d718f82acb59c9d418196b7b4290ed47a12ce62df56"]
pluggy = ["0db4b7601aae1d35b4a033282da476845aa19185c1e6964b25cf324b5e4ec3e6", "fa5fa1622fa6dd5c030e9cad086fa19ef6a0cf6d7a2d12318e10cb49d6d68f34"]
promise = ["2ebbfc10b7abf6354403ed785fe4f04b9dfd421eb1a474ac8d187022228332af", "348f5f6c3edd4fd47c9cd65aed03ac1b31136d375aa63871a57d3e444c85655c"]
prompt-toolkit = ["46642344ce457641f28fc9d1c9ca939b63dadf8df128b86f1b9860e59c73a5e4", "e7f8af9e3d70f514373bf41aa51bc33af12a6db3f71461ea47fea985defb2c31", "f15af68f66e664eaa559d4ac8a928111eebd5feda0c11738b5998045224829db"]
ptyprocess = ["923f299cc5ad920c68f2bc0bc98b75b9f838b93b599941a6b63ddbc2476394c0", "d7cc528d76e76342423ca640335bd3633420dc1366f258cb31d05e865ef5ca1f"]
py = ["64f65755aee5b381cea27766a3a147c3f15b9b6b9ac88676de66ba2ae36793fa", "dc639b046a6e2cff5bbe40194ad65936d6ba360b52b3c3fe1d08a82dd50b5e53"]
pycodestyle = ["95a2219d12372f05704562a14ec30bc76b05a5b297b21a5dfe3f6fac3491ae56", "e40a936c9a450ad81df37f549d676d127b1b66000a6c500caa2b085bc0ca976c"]
pyflakes = ["17dbeb2e3f4d772725c777fabc446d5634d1038f234e77343108ce445ea69ce0", "d976835886f8c5b31d47970ed689944a0262b5f3afa00a5a7b4dc81e5449f8a2"]
pygments = ["71e430bc85c88a430f000ac1d9b331d2407f681d6f6aec95e8bcfbc3df5b0127", "881c4c157e45f30af185c1ffe8d549d48ac9127433f2c380c24b84572ad66297"]
pyparsing = ["6f98a7b9397e206d78cc01df10131398f1c8b8510a2f4d97d9abd82e1aacdd80", "d9338df12903bbf5d65a0e4e87c2161968b10d2e489652bb47001d82a9b028b4"]
pytest = ["3f193df1cfe1d1609d4c583838bea3d532b18d6160fd3f55c9447fdca30848ec", "e246cf173c01169b9617fc07264b7b1316e78d7a650055235d6d897bc80d9660"]
pytest-cov = ["cc6742d8bac45070217169f5f72ceee1e0e55b0221f54bcf24845972d3a47f2b", "cdbdef4f870408ebdbfeb44e63e07eb18bb4619fae852f6e760645fa36172626"]
pytest-django = ["497e8d967d2ec82b3388267b2f1f037761ff34c10ebb13c534d8c5804846e4eb", "b6c900461a6a7c450dcf11736cabc289a90f5d6f28ef74c46e32e86ffd16a4bd"]
python-dateutil = ["7e6584c74aeed623791615e26efd690f29817a27c73085b78e4bad02493df2fb", "c89805f6f4d64db21ed966fda138f8a5ed7a4fdbc1a8ee329ce1b74e3c74da9e"]
pytz = ["1c557d7d0e871de1f5ccd5833f60fb2550652da6be2693c1e02300743d21500d", "b02c06db6cf09c12dd25137e563b31700d3b80fcc4ad23abb7a315f2789819be"]
pyyaml = ["0113bc0ec2ad727182326b61326afa3d1d8280ae1122493553fd6f4397f33df9", "01adf0b6c6f61bd11af6e10ca52b7d4057dd0be0343eb9283c878cf3af56aee4", "5124373960b0b3f4aa7df1707e63e9f109b5263eca5976c66e08b1c552d4eaf8", "5ca4f10adbddae56d824b2c09668e91219bb178a1eee1faa56af6f99f11bf696", "7907be34ffa3c5a32b60b95f4d95ea25361c951383a894fec31be7252b2b6f34", "7ec9b2a4ed5cad025c2278a1e6a19c011c80a3caaac804fd2d329e9cc2c287c9", "87ae4c829bb25b9fe99cf71fbb2140c448f534e24c998cc60f39ae4f94396a73", "9de9919becc9cc2ff03637872a440195ac4241c80536632fffeb6a1e25a74299", "a5a85b10e450c66b49f98846937e8cfca1db3127a9d5d1e31ca45c3d0bef4c5b", "b0997827b4f6a7c286c01c5f60384d218dca4ed7d9efa945c3e1aa623d5709ae", "b631ef96d3222e62861443cc89d6563ba3eeb816eeb96b2629345ab795e53681", "bf47c0607522fdbca6c9e817a6e81b08491de50f3766a7a0e6a5be7905961b41", "f81025eddd0327c7d4cfe9b62cf33190e1e736cc6e97502b3ec425f574b3e7a8"]
rx = ["13a1d8d9e252625c173dc795471e614eadfe1cf40ffc684e08b8fff0d9748c23", "7357592bc7e881a95e0c2013b73326f704953301ab551fbc8133a6fadab84105"]
singledispatch = ["5b06af87df13818d14f08a028e42f566640aef80805c3b50c5056b086e3c2b9c", "833b46966687b3de7f438c761ac475213e53b306740f1abfaa86e1d1aae56aa8"]
six = ["3350809f0555b11f552448330d0b52d5f24c91a322ea4a15ef22629740f3761c", "d16a0141ec1a18405cd4ce8b4613101da75da0e9a7aec5bdd4fa804d0e0eba73"]
smmap2 = ["0555a7bf4df71d1ef4218e4807bbf9b201f910174e6e08af2e138d4e517b4dde", "29a9ffa0497e7f2be94ca0ed1ca1aa3cd4cf25a1f6b4f5f87f74b46ed91d609a"]
sqlparse = ["40afe6b8d4b1117e7dff5504d7a8ce07d9a1b15aeeade8a2d10f130a834f8177", "7c3dca29c022744e95b547e867cee89f4fce4373f3549ccd8797d8eb52cdb873"]
stevedore = ["01d9f4beecf0fbd070ddb18e5efb10567801ba7ef3ddab0074f54e3cd4e91730", "e0739f9739a681c7a1fda76a102b65295e96a144ccdb552f2ae03c5f0abe8a14"]
text-unidecode = ["1311f10e8b895935241623731c2ba64f4c455287888b18189350b67134a822e8", "bad6603bb14d279193107714b288be206cac565dfa49aa5b105294dd5c4aab93"]
toml = ["229f81c57791a41d65e399fc06bf0848bab550a9dfd5ed66df18ce5f05e73d5c", "235682dd292d5899d361a811df37e04a8828a5b1da3115886b73cf81ebc9100e", "f1db651f9657708513243e61e6cc67d101a39bad662eaa9b5546f789338e07a3"]
tox = ["0bc216b6a2e6afe764476b4a07edf2c1dab99ed82bb146a1130b2e828f5bff5e", "c4f6b319c20ba4913dbfe71ebfd14ff95d1853c4231493608182f66e566ecfe1"]
traitlets = ["70b4c6a1d9019d7b4f6846832288f86998aa3b9207c6821f3578a6a6a467fe44", "d023ee369ddd2763310e4c3eae1ff649689440d4ae59d7485eb4cfbbe3e359f7"]
virtualenv = ["3e3597e89c73df9313f5566e8fc582bd7037938d15b05329c232ec57a11a7ad5", "5d370508bf32e522d79096e8cbea3499d47e624ac7e11e9089f9397a0b3318df"]
wcwidth = ["3df37372226d6e63e1b1e1eda15c594bca98a22d33a23832a90998faa96bc65e", "f4ebe71925af7b40a864553f761ed559b43544f8f71746c2d756c7fe788ade7c"]
zipp = ["3718b1cbcd963c7d4c5511a8240812904164b7f381b647143a89d3b98f9bcd8e", "f06903e9f1f43b12d371004b4ac7b06ab39a44adc747266928ae6debfa7b3335"]
