[[package]]
name = "aniso8601"
version = "8.1.1"
description = "A library for parsing ISO 8601 strings."
category = "main"
optional = false
python-versions = "*"

[[package]]
name = "appdirs"
version = "1.4.4"
description = "A small Python module for determining appropriate platform-specific dirs, e.g. a \"user data dir\"."
category = "dev"
optional = false
python-versions = "*"

[[package]]
name = "appnope"
version = "0.1.2"
description = "Disable App Nap on macOS >= 10.9"
category = "dev"
optional = false
python-versions = "*"

[[package]]
name = "asgiref"
version = "3.3.1"
description = "ASGI specs, helper code, and adapters"
category = "main"
optional = false
python-versions = ">=3.5"

[package.extras]
tests = ["pytest", "pytest-asyncio"]

[[package]]
name = "atomicwrites"
version = "1.4.0"
description = "Atomic file writes."
category = "dev"
optional = false
python-versions = ">=2.7, !=3.0.*, !=3.1.*, !=3.2.*, !=3.3.*"

[[package]]
name = "attrs"
version = "20.3.0"
description = "Classes Without Boilerplate"
category = "dev"
optional = false
python-versions = ">=2.7, !=3.0.*, !=3.1.*, !=3.2.*, !=3.3.*"

[package.extras]
dev = ["coverage[toml] (>=5.0.2)", "hypothesis", "pympler", "pytest (>=4.3.0)", "six", "zope.interface", "furo", "sphinx", "pre-commit"]
docs = ["furo", "sphinx", "zope.interface"]
tests = ["coverage[toml] (>=5.0.2)", "hypothesis", "pympler", "pytest (>=4.3.0)", "six", "zope.interface"]
tests_no_zope = ["coverage[toml] (>=5.0.2)", "hypothesis", "pympler", "pytest (>=4.3.0)", "six"]

[[package]]
name = "backcall"
version = "0.2.0"
description = "Specifications for callback functions passed in to an API"
category = "dev"
optional = false
python-versions = "*"

[[package]]
name = "bandit"
version = "1.7.0"
description = "Security oriented static analyser for python code."
category = "dev"
optional = false
python-versions = ">=3.5"

[package.dependencies]
colorama = {version = ">=0.3.9", markers = "platform_system == \"Windows\""}
GitPython = ">=1.0.1"
PyYAML = ">=5.3.1"
six = ">=1.10.0"
stevedore = ">=1.20.0"

[[package]]
name = "black"
version = "18.9b0"
description = "The uncompromising code formatter."
category = "dev"
optional = false
python-versions = ">=3.6"

[package.dependencies]
appdirs = "*"
attrs = ">=17.4.0"
click = ">=6.5"
toml = ">=0.9.4"

[package.extras]
d = ["aiohttp (>=3.3.2)"]

[[package]]
name = "click"
version = "7.1.2"
description = "Composable command line interface toolkit"
category = "dev"
optional = false
python-versions = ">=2.7, !=3.0.*, !=3.1.*, !=3.2.*, !=3.3.*, !=3.4.*"

[[package]]
name = "colorama"
version = "0.4.4"
description = "Cross-platform colored terminal text."
category = "dev"
optional = false
python-versions = ">=2.7, !=3.0.*, !=3.1.*, !=3.2.*, !=3.3.*, !=3.4.*"

[[package]]
name = "coverage"
version = "5.5"
description = "Code coverage measurement for Python"
category = "dev"
optional = false
python-versions = ">=2.7, !=3.0.*, !=3.1.*, !=3.2.*, !=3.3.*, !=3.4.*, <4"

[package.extras]
toml = ["toml"]

[[package]]
name = "decorator"
version = "4.4.2"
description = "Decorators for Humans"
category = "dev"
optional = false
python-versions = ">=2.6, !=3.0.*, !=3.1.*"

[[package]]
name = "distlib"
version = "0.3.1"
description = "Distribution utilities"
category = "dev"
optional = false
python-versions = "*"

[[package]]
name = "django"
version = "3.1.7"
description = "A high-level Python Web framework that encourages rapid development and clean, pragmatic design."
category = "main"
optional = false
python-versions = ">=3.6"

[package.dependencies]
asgiref = ">=3.2.10,<4"
pytz = "*"
sqlparse = ">=0.2.2"

[package.extras]
argon2 = ["argon2-cffi (>=16.1.0)"]
bcrypt = ["bcrypt"]

[[package]]
name = "django-filter"
version = "2.4.0"
description = "Django-filter is a reusable Django application for allowing users to filter querysets dynamically."
category = "main"
optional = false
python-versions = ">=3.5"

[package.dependencies]
Django = ">=2.2"

[[package]]
name = "djangorestframework"
version = "3.12.2"
description = "Web APIs for Django, made easy."
category = "main"
optional = false
python-versions = ">=3.5"

[package.dependencies]
django = ">=2.2"

[[package]]
name = "factory-boy"
version = "2.12.0"
description = "A versatile test fixtures replacement based on thoughtbot's factory_bot for Ruby."
category = "dev"
optional = false
python-versions = ">=2.7, !=3.0.*, !=3.1.*, !=3.2.*, !=3.3.*"

[package.dependencies]
Faker = ">=0.7.0"

[[package]]
name = "faker"
version = "6.6.2"
description = "Faker is a Python package that generates fake data for you."
category = "dev"
optional = false
python-versions = ">=3.6"

[package.dependencies]
python-dateutil = ">=2.4"
text-unidecode = "1.3"

[[package]]
name = "filelock"
version = "3.0.12"
description = "A platform independent file lock."
category = "dev"
optional = false
python-versions = "*"

[[package]]
name = "flake8"
version = "3.9.0"
description = "the modular source code checker: pep8 pyflakes and co"
category = "dev"
optional = false
python-versions = "!=3.0.*,!=3.1.*,!=3.2.*,!=3.3.*,!=3.4.*,>=2.7"

[package.dependencies]
importlib-metadata = {version = "*", markers = "python_version < \"3.8\""}
mccabe = ">=0.6.0,<0.7.0"
pycodestyle = ">=2.7.0,<2.8.0"
pyflakes = ">=2.3.0,<2.4.0"

[[package]]
name = "gitdb"
version = "4.0.5"
description = "Git Object Database"
category = "dev"
optional = false
python-versions = ">=3.4"

[package.dependencies]
smmap = ">=3.0.1,<4"

[[package]]
name = "gitpython"
version = "3.1.14"
description = "Python Git Library"
category = "dev"
optional = false
python-versions = ">=3.4"

[package.dependencies]
gitdb = ">=4.0.1,<5"

[[package]]
name = "graphene"
version = "3.0b7"
description = "GraphQL Framework for Python"
category = "main"
optional = false
python-versions = "*"

[package.dependencies]
aniso8601 = ">=8,<9"
graphql-core = ">=3.1.2,<4"
graphql-relay = ">=3.0,<4"

[package.extras]
dev = ["black (==19.10b0)", "flake8 (>=3.7,<4)", "pytest (>=5.3,<6)", "pytest-benchmark (>=3.2,<4)", "pytest-cov (>=2.8,<3)", "pytest-mock (>=2,<3)", "pytest-asyncio (>=0.10,<2)", "snapshottest (>=0.5,<1)", "coveralls (>=1.11,<2)", "promise (>=2.3,<3)", "mock (>=4.0,<5)", "pytz (==2019.3)", "iso8601 (>=0.1,<2)"]
test = ["pytest (>=5.3,<6)", "pytest-benchmark (>=3.2,<4)", "pytest-cov (>=2.8,<3)", "pytest-mock (>=2,<3)", "pytest-asyncio (>=0.10,<2)", "snapshottest (>=0.5,<1)", "coveralls (>=1.11,<2)", "promise (>=2.3,<3)", "mock (>=4.0,<5)", "pytz (==2019.3)", "iso8601 (>=0.1,<2)"]

[[package]]
name = "graphene-django"
version = "3.0.0b7"
description = "Graphene Django integration"
category = "main"
optional = false
python-versions = "*"

[package.dependencies]
Django = ">=2.2"
graphene = ">=3.0.0b5,<4"
graphql-core = ">=3.1.0,<4"
promise = ">=2.1"
text-unidecode = "*"

[package.extras]
dev = ["black (==19.10b0)", "flake8 (==3.7.9)", "flake8-black (==0.1.1)", "flake8-bugbear (==20.1.4)", "pytest (>=3.6.3)", "pytest-cov", "pytest-random-order", "coveralls", "mock", "pytz", "django-filter (>=2)", "pytest-django (>=3.3.2)", "djangorestframework (>=3.6.3)"]
rest_framework = ["djangorestframework (>=3.6.3)"]
test = ["pytest (>=3.6.3)", "pytest-cov", "pytest-random-order", "coveralls", "mock", "pytz", "django-filter (>=2)", "pytest-django (>=3.3.2)", "djangorestframework (>=3.6.3)"]

[[package]]
name = "graphql-core"
version = "3.1.3"
description = "GraphQL implementation for Python, a port of GraphQL.js, the JavaScript reference implementation for GraphQL."
category = "main"
optional = false
python-versions = ">=3.6,<4"

[[package]]
name = "graphql-relay"
version = "3.1.0"
description = "Relay library for graphql-core"
category = "main"
optional = false
python-versions = ">=3.6,<4"

[package.dependencies]
graphql-core = ">=3.1"
typing-extensions = {version = ">=3.7,<4", markers = "python_version < \"3.8\""}

[[package]]
name = "importlib-metadata"
version = "3.7.3"
description = "Read metadata from Python packages"
category = "dev"
optional = false
python-versions = ">=3.6"

[package.dependencies]
typing-extensions = {version = ">=3.6.4", markers = "python_version < \"3.8\""}
zipp = ">=0.5"

[package.extras]
docs = ["sphinx", "jaraco.packaging (>=8.2)", "rst.linker (>=1.9)"]
testing = ["pytest (>=3.5,!=3.7.3)", "pytest-checkdocs (>=1.2.3)", "pytest-flake8", "pytest-cov", "pytest-enabler", "packaging", "pep517", "pyfakefs", "flufl.flake8", "pytest-black (>=0.3.7)", "pytest-mypy", "importlib-resources (>=1.3)"]

[[package]]
name = "importlib-resources"
version = "5.1.2"
description = "Read resources from Python packages"
category = "dev"
optional = false
python-versions = ">=3.6"

[package.dependencies]
zipp = {version = ">=0.4", markers = "python_version < \"3.8\""}

[package.extras]
docs = ["sphinx", "jaraco.packaging (>=8.2)", "rst.linker (>=1.9)"]
testing = ["pytest (>=4.6)", "pytest-checkdocs (>=1.2.3)", "pytest-flake8", "pytest-cov", "pytest-enabler", "pytest-black (>=0.3.7)", "pytest-mypy"]

[[package]]
name = "ipdb"
version = "0.11"
description = "IPython-enabled pdb"
category = "dev"
optional = false
python-versions = ">=2.7"

[package.dependencies]
ipython = {version = ">=5.0.0", markers = "python_version >= \"3.3\""}

[[package]]
name = "ipython"
version = "7.16.1"
description = "IPython: Productive Interactive Computing"
category = "dev"
optional = false
python-versions = ">=3.6"

[package.dependencies]
appnope = {version = "*", markers = "sys_platform == \"darwin\""}
backcall = "*"
colorama = {version = "*", markers = "sys_platform == \"win32\""}
decorator = "*"
jedi = ">=0.10"
pexpect = {version = "*", markers = "sys_platform != \"win32\""}
pickleshare = "*"
prompt-toolkit = ">=2.0.0,<3.0.0 || >3.0.0,<3.0.1 || >3.0.1,<3.1.0"
pygments = "*"
traitlets = ">=4.2"

[package.extras]
all = ["Sphinx (>=1.3)", "ipykernel", "ipyparallel", "ipywidgets", "nbconvert", "nbformat", "nose (>=0.10.1)", "notebook", "numpy (>=1.14)", "pygments", "qtconsole", "requests", "testpath"]
doc = ["Sphinx (>=1.3)"]
kernel = ["ipykernel"]
nbconvert = ["nbconvert"]
nbformat = ["nbformat"]
notebook = ["notebook", "ipywidgets"]
parallel = ["ipyparallel"]
qtconsole = ["qtconsole"]
test = ["nose (>=0.10.1)", "requests", "testpath", "pygments", "nbformat", "ipykernel", "numpy (>=1.14)"]

[[package]]
name = "ipython-genutils"
version = "0.2.0"
description = "Vestigial utilities from IPython"
category = "dev"
optional = false
python-versions = "*"

[[package]]
name = "jedi"
version = "0.18.0"
description = "An autocompletion tool for Python that can be used for text editors."
category = "dev"
optional = false
python-versions = ">=3.6"

[package.dependencies]
parso = ">=0.8.0,<0.9.0"

[package.extras]
qa = ["flake8 (==3.8.3)", "mypy (==0.782)"]
testing = ["Django (<3.1)", "colorama", "docopt", "pytest (<6.0.0)"]

[[package]]
name = "mccabe"
version = "0.6.1"
description = "McCabe checker, plugin for flake8"
category = "dev"
optional = false
python-versions = "*"

[[package]]
name = "more-itertools"
version = "8.7.0"
description = "More routines for operating on iterables, beyond itertools"
category = "dev"
optional = false
python-versions = ">=3.5"

[[package]]
name = "packaging"
version = "20.9"
description = "Core utilities for Python packages"
category = "dev"
optional = false
python-versions = ">=2.7, !=3.0.*, !=3.1.*, !=3.2.*, !=3.3.*"

[package.dependencies]
pyparsing = ">=2.0.2"

[[package]]
name = "parso"
version = "0.8.1"
description = "A Python Parser"
category = "dev"
optional = false
python-versions = ">=3.6"

[package.extras]
qa = ["flake8 (==3.8.3)", "mypy (==0.782)"]
testing = ["docopt", "pytest (<6.0.0)"]

[[package]]
name = "pbr"
version = "5.5.1"
description = "Python Build Reasonableness"
category = "dev"
optional = false
python-versions = ">=2.6"

[[package]]
name = "pexpect"
version = "4.8.0"
description = "Pexpect allows easy control of interactive console applications."
category = "dev"
optional = false
python-versions = "*"

[package.dependencies]
ptyprocess = ">=0.5"

[[package]]
name = "pickleshare"
version = "0.7.5"
description = "Tiny 'shelve'-like database with concurrency support"
category = "dev"
optional = false
python-versions = "*"

[[package]]
name = "pluggy"
version = "0.13.1"
description = "plugin and hook calling mechanisms for python"
category = "dev"
optional = false
python-versions = ">=2.7, !=3.0.*, !=3.1.*, !=3.2.*, !=3.3.*"

[package.dependencies]
importlib-metadata = {version = ">=0.12", markers = "python_version < \"3.8\""}

[package.extras]
dev = ["pre-commit", "tox"]

[[package]]
name = "promise"
version = "2.3"
description = "Promises/A+ implementation for Python"
category = "main"
optional = false
python-versions = "*"

[package.dependencies]
six = "*"

[package.extras]
test = ["pytest (>=2.7.3)", "pytest-cov", "coveralls", "futures", "pytest-benchmark", "mock"]

[[package]]
name = "prompt-toolkit"
version = "3.0.3"
description = "Library for building powerful interactive command lines in Python"
category = "dev"
optional = false
python-versions = ">=3.6"

[package.dependencies]
wcwidth = "*"

[[package]]
name = "ptyprocess"
version = "0.7.0"
description = "Run a subprocess in a pseudo terminal"
category = "dev"
optional = false
python-versions = "*"

[[package]]
name = "py"
version = "1.10.0"
description = "library with cross-python path, ini-parsing, io, code, log facilities"
category = "dev"
optional = false
python-versions = ">=2.7, !=3.0.*, !=3.1.*, !=3.2.*, !=3.3.*"

[[package]]
name = "pycodestyle"
version = "2.7.0"
description = "Python style guide checker"
category = "dev"
optional = false
python-versions = ">=2.7, !=3.0.*, !=3.1.*, !=3.2.*, !=3.3.*"

[[package]]
name = "pyflakes"
version = "2.3.0"
description = "passive checker of Python programs"
category = "dev"
optional = false
python-versions = ">=2.7, !=3.0.*, !=3.1.*, !=3.2.*, !=3.3.*"

[[package]]
name = "pygments"
version = "2.8.1"
description = "Pygments is a syntax highlighting package written in Python."
category = "dev"
optional = false
python-versions = ">=3.5"

[[package]]
name = "pyparsing"
version = "2.4.7"
description = "Python parsing module"
category = "dev"
optional = false
python-versions = ">=2.6, !=3.0.*, !=3.1.*, !=3.2.*"

[[package]]
name = "pytest"
version = "3.10.1"
description = "pytest: simple powerful testing with Python"
category = "dev"
optional = false
python-versions = ">=2.7, !=3.0.*, !=3.1.*, !=3.2.*, !=3.3.*"

[package.dependencies]
atomicwrites = ">=1.0"
attrs = ">=17.4.0"
colorama = {version = "*", markers = "sys_platform == \"win32\""}
more-itertools = ">=4.0.0"
pluggy = ">=0.7"
py = ">=1.5.0"
six = ">=1.10.0"

[[package]]
name = "pytest-cov"
version = "2.9.0"
description = "Pytest plugin for measuring coverage."
category = "dev"
optional = false
python-versions = ">=2.7, !=3.0.*, !=3.1.*, !=3.2.*, !=3.3.*, !=3.4.*"

[package.dependencies]
coverage = ">=4.4"
pytest = ">=3.6"

[package.extras]
testing = ["fields", "hunter", "process-tests (==2.0.2)", "six", "pytest-xdist", "virtualenv"]

[[package]]
name = "pytest-django"
version = "3.10.0"
description = "A Django plugin for pytest."
category = "dev"
optional = false
python-versions = ">=2.7, !=3.0.*, !=3.1.*, !=3.2.*, !=3.3.*"

[package.dependencies]
pytest = ">=3.6"

[package.extras]
docs = ["sphinx", "sphinx-rtd-theme"]
testing = ["django", "django-configurations (>=2.0)", "six"]

[[package]]
name = "python-dateutil"
version = "2.8.1"
description = "Extensions to the standard Python datetime module"
category = "main"
optional = false
python-versions = "!=3.0.*,!=3.1.*,!=3.2.*,>=2.7"

[package.dependencies]
six = ">=1.5"

[[package]]
name = "pytz"
version = "2021.1"
description = "World timezone definitions, modern and historical"
category = "main"
optional = false
python-versions = "*"

[[package]]
name = "pyyaml"
version = "5.4.1"
description = "YAML parser and emitter for Python"
category = "dev"
optional = false
python-versions = ">=2.7, !=3.0.*, !=3.1.*, !=3.2.*, !=3.3.*, !=3.4.*, !=3.5.*"

[[package]]
name = "six"
version = "1.15.0"
description = "Python 2 and 3 compatibility utilities"
category = "main"
optional = false
python-versions = ">=2.7, !=3.0.*, !=3.1.*, !=3.2.*"

[[package]]
name = "smmap"
version = "3.0.5"
description = "A pure Python implementation of a sliding window memory map manager"
category = "dev"
optional = false
python-versions = ">=2.7, !=3.0.*, !=3.1.*, !=3.2.*, !=3.3.*"

[[package]]
name = "sqlparse"
version = "0.4.1"
description = "A non-validating SQL parser."
category = "main"
optional = false
python-versions = ">=3.5"

[[package]]
name = "stevedore"
version = "3.3.0"
description = "Manage dynamic plugins for Python applications"
category = "dev"
optional = false
python-versions = ">=3.6"

[package.dependencies]
importlib-metadata = {version = ">=1.7.0", markers = "python_version < \"3.8\""}
pbr = ">=2.0.0,<2.1.0 || >2.1.0"

[[package]]
name = "text-unidecode"
version = "1.3"
description = "The most basic Text::Unidecode port"
category = "main"
optional = false
python-versions = "*"

[[package]]
name = "toml"
version = "0.10.2"
description = "Python Library for Tom's Obvious, Minimal Language"
category = "dev"
optional = false
python-versions = ">=2.6, !=3.0.*, !=3.1.*, !=3.2.*"

[[package]]
name = "tox"
version = "3.23.0"
description = "tox is a generic virtualenv management and test command line tool"
category = "dev"
optional = false
python-versions = "!=3.0.*,!=3.1.*,!=3.2.*,!=3.3.*,!=3.4.*,>=2.7"

[package.dependencies]
colorama = {version = ">=0.4.1", markers = "platform_system == \"Windows\""}
filelock = ">=3.0.0"
importlib-metadata = {version = ">=0.12", markers = "python_version < \"3.8\""}
packaging = ">=14"
pluggy = ">=0.12.0"
py = ">=1.4.17"
six = ">=1.14.0"
toml = ">=0.9.4"
virtualenv = ">=16.0.0,<20.0.0 || >20.0.0,<20.0.1 || >20.0.1,<20.0.2 || >20.0.2,<20.0.3 || >20.0.3,<20.0.4 || >20.0.4,<20.0.5 || >20.0.5,<20.0.6 || >20.0.6,<20.0.7 || >20.0.7"

[package.extras]
docs = ["pygments-github-lexers (>=0.0.5)", "sphinx (>=2.0.0)", "sphinxcontrib-autoprogram (>=0.1.5)", "towncrier (>=18.5.0)"]
testing = ["flaky (>=3.4.0)", "freezegun (>=0.3.11)", "psutil (>=5.6.1)", "pytest (>=4.0.0)", "pytest-cov (>=2.5.1)", "pytest-mock (>=1.10.0)", "pytest-randomly (>=1.0.0)", "pytest-xdist (>=1.22.2)", "pathlib2 (>=2.3.3)"]

[[package]]
name = "traitlets"
version = "4.3.3"
description = "Traitlets Python config system"
category = "dev"
optional = false
python-versions = "*"

[package.dependencies]
decorator = "*"
ipython-genutils = "*"
six = "*"

[package.extras]
test = ["pytest", "mock"]

[[package]]
name = "typing-extensions"
version = "3.7.4.3"
description = "Backported and Experimental Type Hints for Python 3.5+"
category = "main"
optional = false
python-versions = "*"

[[package]]
name = "virtualenv"
version = "20.4.3"
description = "Virtual Python Environment builder"
category = "dev"
optional = false
python-versions = "!=3.0.*,!=3.1.*,!=3.2.*,!=3.3.*,>=2.7"

[package.dependencies]
appdirs = ">=1.4.3,<2"
distlib = ">=0.3.1,<1"
filelock = ">=3.0.0,<4"
importlib-metadata = {version = ">=0.12", markers = "python_version < \"3.8\""}
importlib-resources = {version = ">=1.0", markers = "python_version < \"3.7\""}
six = ">=1.9.0,<2"

[package.extras]
docs = ["proselint (>=0.10.2)", "sphinx (>=3)", "sphinx-argparse (>=0.2.5)", "sphinx-rtd-theme (>=0.4.3)", "towncrier (>=19.9.0rc1)"]
testing = ["coverage (>=4)", "coverage-enable-subprocess (>=1)", "flaky (>=3)", "pytest (>=4)", "pytest-env (>=0.6.2)", "pytest-freezegun (>=0.4.1)", "pytest-mock (>=2)", "pytest-randomly (>=1)", "pytest-timeout (>=1)", "packaging (>=20.0)", "xonsh (>=0.9.16)"]

[[package]]
name = "wcwidth"
version = "0.2.5"
description = "Measures the displayed width of unicode strings in a terminal"
category = "dev"
optional = false
python-versions = "*"

[[package]]
name = "zipp"
version = "3.4.1"
description = "Backport of pathlib-compatible object wrapper for zip files"
category = "dev"
optional = false
python-versions = ">=3.6"

[package.extras]
docs = ["sphinx", "jaraco.packaging (>=8.2)", "rst.linker (>=1.9)"]
testing = ["pytest (>=4.6)", "pytest-checkdocs (>=1.2.3)", "pytest-flake8", "pytest-cov", "pytest-enabler", "jaraco.itertools", "func-timeout", "pytest-black (>=0.3.7)", "pytest-mypy"]

[metadata]
lock-version = "1.1"
python-versions = "^3.6 || ^3.7 || ^3.8 || ^3.9"
content-hash = "3e6edfb86587a840167d87a469851db6027daf359e02932f6ac36c78bd62dadf"

[metadata.files]
aniso8601 = [
    {file = "aniso8601-8.1.1-py2.py3-none-any.whl", hash = "sha256:f59914762c5049ffd956cad037aa82fe0cabf8baf51900e2af24026761090b0b"},
    {file = "aniso8601-8.1.1.tar.gz", hash = "sha256:be08b19c19ca527af722f2d4ba4dc569db292ec96f7de963746df4bb0bff9250"},
]
appdirs = [
    {file = "appdirs-1.4.4-py2.py3-none-any.whl", hash = "sha256:a841dacd6b99318a741b166adb07e19ee71a274450e68237b4650ca1055ab128"},
    {file = "appdirs-1.4.4.tar.gz", hash = "sha256:7d5d0167b2b1ba821647616af46a749d1c653740dd0d2415100fe26e27afdf41"},
]
appnope = [
    {file = "appnope-0.1.2-py2.py3-none-any.whl", hash = "sha256:93aa393e9d6c54c5cd570ccadd8edad61ea0c4b9ea7a01409020c9aa019eb442"},
    {file = "appnope-0.1.2.tar.gz", hash = "sha256:dd83cd4b5b460958838f6eb3000c660b1f9caf2a5b1de4264e941512f603258a"},
]
asgiref = [
    {file = "asgiref-3.3.1-py3-none-any.whl", hash = "sha256:5ee950735509d04eb673bd7f7120f8fa1c9e2df495394992c73234d526907e17"},
    {file = "asgiref-3.3.1.tar.gz", hash = "sha256:7162a3cb30ab0609f1a4c95938fd73e8604f63bdba516a7f7d64b83ff09478f0"},
]
atomicwrites = [
    {file = "atomicwrites-1.4.0-py2.py3-none-any.whl", hash = "sha256:6d1784dea7c0c8d4a5172b6c620f40b6e4cbfdf96d783691f2e1302a7b88e197"},
    {file = "atomicwrites-1.4.0.tar.gz", hash = "sha256:ae70396ad1a434f9c7046fd2dd196fc04b12f9e91ffb859164193be8b6168a7a"},
]
attrs = [
    {file = "attrs-20.3.0-py2.py3-none-any.whl", hash = "sha256:31b2eced602aa8423c2aea9c76a724617ed67cf9513173fd3a4f03e3a929c7e6"},
    {file = "attrs-20.3.0.tar.gz", hash = "sha256:832aa3cde19744e49938b91fea06d69ecb9e649c93ba974535d08ad92164f700"},
]
backcall = [
    {file = "backcall-0.2.0-py2.py3-none-any.whl", hash = "sha256:fbbce6a29f263178a1f7915c1940bde0ec2b2a967566fe1c65c1dfb7422bd255"},
    {file = "backcall-0.2.0.tar.gz", hash = "sha256:5cbdbf27be5e7cfadb448baf0aa95508f91f2bbc6c6437cd9cd06e2a4c215e1e"},
]
bandit = [
    {file = "bandit-1.7.0-py3-none-any.whl", hash = "sha256:216be4d044209fa06cf2a3e51b319769a51be8318140659719aa7a115c35ed07"},
    {file = "bandit-1.7.0.tar.gz", hash = "sha256:8a4c7415254d75df8ff3c3b15cfe9042ecee628a1e40b44c15a98890fbfc2608"},
]
black = [
    {file = "black-18.9b0-py36-none-any.whl", hash = "sha256:817243426042db1d36617910df579a54f1afd659adb96fc5032fcf4b36209739"},
    {file = "black-18.9b0.tar.gz", hash = "sha256:e030a9a28f542debc08acceb273f228ac422798e5215ba2a791a6ddeaaca22a5"},
]
click = [
    {file = "click-7.1.2-py2.py3-none-any.whl", hash = "sha256:dacca89f4bfadd5de3d7489b7c8a566eee0d3676333fbb50030263894c38c0dc"},
    {file = "click-7.1.2.tar.gz", hash = "sha256:d2b5255c7c6349bc1bd1e59e08cd12acbbd63ce649f2588755783aa94dfb6b1a"},
]
colorama = [
    {file = "colorama-0.4.4-py2.py3-none-any.whl", hash = "sha256:9f47eda37229f68eee03b24b9748937c7dc3868f906e8ba69fbcbdd3bc5dc3e2"},
    {file = "colorama-0.4.4.tar.gz", hash = "sha256:5941b2b48a20143d2267e95b1c2a7603ce057ee39fd88e7329b0c292aa16869b"},
]
coverage = [
    {file = "coverage-5.5-cp27-cp27m-macosx_10_9_x86_64.whl", hash = "sha256:b6d534e4b2ab35c9f93f46229363e17f63c53ad01330df9f2d6bd1187e5eaacf"},
    {file = "coverage-5.5-cp27-cp27m-manylinux1_i686.whl", hash = "sha256:b7895207b4c843c76a25ab8c1e866261bcfe27bfaa20c192de5190121770672b"},
    {file = "coverage-5.5-cp27-cp27m-manylinux1_x86_64.whl", hash = "sha256:c2723d347ab06e7ddad1a58b2a821218239249a9e4365eaff6649d31180c1669"},
    {file = "coverage-5.5-cp27-cp27m-manylinux2010_i686.whl", hash = "sha256:900fbf7759501bc7807fd6638c947d7a831fc9fdf742dc10f02956ff7220fa90"},
    {file = "coverage-5.5-cp27-cp27m-manylinux2010_x86_64.whl", hash = "sha256:004d1880bed2d97151facef49f08e255a20ceb6f9432df75f4eef018fdd5a78c"},
    {file = "coverage-5.5-cp27-cp27m-win32.whl", hash = "sha256:06191eb60f8d8a5bc046f3799f8a07a2d7aefb9504b0209aff0b47298333302a"},
    {file = "coverage-5.5-cp27-cp27m-win_amd64.whl", hash = "sha256:7501140f755b725495941b43347ba8a2777407fc7f250d4f5a7d2a1050ba8e82"},
    {file = "coverage-5.5-cp27-cp27mu-manylinux1_i686.whl", hash = "sha256:372da284cfd642d8e08ef606917846fa2ee350f64994bebfbd3afb0040436905"},
    {file = "coverage-5.5-cp27-cp27mu-manylinux1_x86_64.whl", hash = "sha256:8963a499849a1fc54b35b1c9f162f4108017b2e6db2c46c1bed93a72262ed083"},
    {file = "coverage-5.5-cp27-cp27mu-manylinux2010_i686.whl", hash = "sha256:869a64f53488f40fa5b5b9dcb9e9b2962a66a87dab37790f3fcfb5144b996ef5"},
    {file = "coverage-5.5-cp27-cp27mu-manylinux2010_x86_64.whl", hash = "sha256:4a7697d8cb0f27399b0e393c0b90f0f1e40c82023ea4d45d22bce7032a5d7b81"},
    {file = "coverage-5.5-cp310-cp310-macosx_10_14_x86_64.whl", hash = "sha256:8d0a0725ad7c1a0bcd8d1b437e191107d457e2ec1084b9f190630a4fb1af78e6"},
    {file = "coverage-5.5-cp310-cp310-manylinux1_x86_64.whl", hash = "sha256:51cb9476a3987c8967ebab3f0fe144819781fca264f57f89760037a2ea191cb0"},
    {file = "coverage-5.5-cp310-cp310-win_amd64.whl", hash = "sha256:c0891a6a97b09c1f3e073a890514d5012eb256845c451bd48f7968ef939bf4ae"},
    {file = "coverage-5.5-cp35-cp35m-macosx_10_9_x86_64.whl", hash = "sha256:3487286bc29a5aa4b93a072e9592f22254291ce96a9fbc5251f566b6b7343cdb"},
    {file = "coverage-5.5-cp35-cp35m-manylinux1_i686.whl", hash = "sha256:deee1077aae10d8fa88cb02c845cfba9b62c55e1183f52f6ae6a2df6a2187160"},
    {file = "coverage-5.5-cp35-cp35m-manylinux1_x86_64.whl", hash = "sha256:f11642dddbb0253cc8853254301b51390ba0081750a8ac03f20ea8103f0c56b6"},
    {file = "coverage-5.5-cp35-cp35m-manylinux2010_i686.whl", hash = "sha256:6c90e11318f0d3c436a42409f2749ee1a115cd8b067d7f14c148f1ce5574d701"},
    {file = "coverage-5.5-cp35-cp35m-manylinux2010_x86_64.whl", hash = "sha256:30c77c1dc9f253283e34c27935fded5015f7d1abe83bc7821680ac444eaf7793"},
    {file = "coverage-5.5-cp35-cp35m-win32.whl", hash = "sha256:9a1ef3b66e38ef8618ce5fdc7bea3d9f45f3624e2a66295eea5e57966c85909e"},
    {file = "coverage-5.5-cp35-cp35m-win_amd64.whl", hash = "sha256:972c85d205b51e30e59525694670de6a8a89691186012535f9d7dbaa230e42c3"},
    {file = "coverage-5.5-cp36-cp36m-macosx_10_9_x86_64.whl", hash = "sha256:af0e781009aaf59e25c5a678122391cb0f345ac0ec272c7961dc5455e1c40066"},
    {file = "coverage-5.5-cp36-cp36m-manylinux1_i686.whl", hash = "sha256:74d881fc777ebb11c63736622b60cb9e4aee5cace591ce274fb69e582a12a61a"},
    {file = "coverage-5.5-cp36-cp36m-manylinux1_x86_64.whl", hash = "sha256:92b017ce34b68a7d67bd6d117e6d443a9bf63a2ecf8567bb3d8c6c7bc5014465"},
    {file = "coverage-5.5-cp36-cp36m-manylinux2010_i686.whl", hash = "sha256:d636598c8305e1f90b439dbf4f66437de4a5e3c31fdf47ad29542478c8508bbb"},
    {file = "coverage-5.5-cp36-cp36m-manylinux2010_x86_64.whl", hash = "sha256:41179b8a845742d1eb60449bdb2992196e211341818565abded11cfa90efb821"},
    {file = "coverage-5.5-cp36-cp36m-win32.whl", hash = "sha256:040af6c32813fa3eae5305d53f18875bedd079960822ef8ec067a66dd8afcd45"},
    {file = "coverage-5.5-cp36-cp36m-win_amd64.whl", hash = "sha256:5fec2d43a2cc6965edc0bb9e83e1e4b557f76f843a77a2496cbe719583ce8184"},
    {file = "coverage-5.5-cp37-cp37m-macosx_10_9_x86_64.whl", hash = "sha256:18ba8bbede96a2c3dde7b868de9dcbd55670690af0988713f0603f037848418a"},
    {file = "coverage-5.5-cp37-cp37m-manylinux1_i686.whl", hash = "sha256:2910f4d36a6a9b4214bb7038d537f015346f413a975d57ca6b43bf23d6563b53"},
    {file = "coverage-5.5-cp37-cp37m-manylinux1_x86_64.whl", hash = "sha256:f0b278ce10936db1a37e6954e15a3730bea96a0997c26d7fee88e6c396c2086d"},
    {file = "coverage-5.5-cp37-cp37m-manylinux2010_i686.whl", hash = "sha256:796c9c3c79747146ebd278dbe1e5c5c05dd6b10cc3bcb8389dfdf844f3ead638"},
    {file = "coverage-5.5-cp37-cp37m-manylinux2010_x86_64.whl", hash = "sha256:53194af30d5bad77fcba80e23a1441c71abfb3e01192034f8246e0d8f99528f3"},
    {file = "coverage-5.5-cp37-cp37m-win32.whl", hash = "sha256:184a47bbe0aa6400ed2d41d8e9ed868b8205046518c52464fde713ea06e3a74a"},
    {file = "coverage-5.5-cp37-cp37m-win_amd64.whl", hash = "sha256:2949cad1c5208b8298d5686d5a85b66aae46d73eec2c3e08c817dd3513e5848a"},
    {file = "coverage-5.5-cp38-cp38-macosx_10_9_x86_64.whl", hash = "sha256:217658ec7187497e3f3ebd901afdca1af062b42cfe3e0dafea4cced3983739f6"},
    {file = "coverage-5.5-cp38-cp38-manylinux1_i686.whl", hash = "sha256:1aa846f56c3d49205c952d8318e76ccc2ae23303351d9270ab220004c580cfe2"},
    {file = "coverage-5.5-cp38-cp38-manylinux1_x86_64.whl", hash = "sha256:24d4a7de75446be83244eabbff746d66b9240ae020ced65d060815fac3423759"},
    {file = "coverage-5.5-cp38-cp38-manylinux2010_i686.whl", hash = "sha256:d1f8bf7b90ba55699b3a5e44930e93ff0189aa27186e96071fac7dd0d06a1873"},
    {file = "coverage-5.5-cp38-cp38-manylinux2010_x86_64.whl", hash = "sha256:970284a88b99673ccb2e4e334cfb38a10aab7cd44f7457564d11898a74b62d0a"},
    {file = "coverage-5.5-cp38-cp38-win32.whl", hash = "sha256:01d84219b5cdbfc8122223b39a954820929497a1cb1422824bb86b07b74594b6"},
    {file = "coverage-5.5-cp38-cp38-win_amd64.whl", hash = "sha256:2e0d881ad471768bf6e6c2bf905d183543f10098e3b3640fc029509530091502"},
    {file = "coverage-5.5-cp39-cp39-macosx_10_9_x86_64.whl", hash = "sha256:d1f9ce122f83b2305592c11d64f181b87153fc2c2bbd3bb4a3dde8303cfb1a6b"},
    {file = "coverage-5.5-cp39-cp39-manylinux1_i686.whl", hash = "sha256:13c4ee887eca0f4c5a247b75398d4114c37882658300e153113dafb1d76de529"},
    {file = "coverage-5.5-cp39-cp39-manylinux1_x86_64.whl", hash = "sha256:52596d3d0e8bdf3af43db3e9ba8dcdaac724ba7b5ca3f6358529d56f7a166f8b"},
    {file = "coverage-5.5-cp39-cp39-manylinux2010_i686.whl", hash = "sha256:2cafbbb3af0733db200c9b5f798d18953b1a304d3f86a938367de1567f4b5bff"},
    {file = "coverage-5.5-cp39-cp39-manylinux2010_x86_64.whl", hash = "sha256:44d654437b8ddd9eee7d1eaee28b7219bec228520ff809af170488fd2fed3e2b"},
    {file = "coverage-5.5-cp39-cp39-win32.whl", hash = "sha256:d314ed732c25d29775e84a960c3c60808b682c08d86602ec2c3008e1202e3bb6"},
    {file = "coverage-5.5-cp39-cp39-win_amd64.whl", hash = "sha256:13034c4409db851670bc9acd836243aeee299949bd5673e11844befcb0149f03"},
    {file = "coverage-5.5-pp36-none-any.whl", hash = "sha256:f030f8873312a16414c0d8e1a1ddff2d3235655a2174e3648b4fa66b3f2f1079"},
    {file = "coverage-5.5-pp37-none-any.whl", hash = "sha256:2a3859cb82dcbda1cfd3e6f71c27081d18aa251d20a17d87d26d4cd216fb0af4"},
    {file = "coverage-5.5.tar.gz", hash = "sha256:ebe78fe9a0e874362175b02371bdfbee64d8edc42a044253ddf4ee7d3c15212c"},
]
decorator = [
    {file = "decorator-4.4.2-py2.py3-none-any.whl", hash = "sha256:41fa54c2a0cc4ba648be4fd43cff00aedf5b9465c9bf18d64325bc225f08f760"},
    {file = "decorator-4.4.2.tar.gz", hash = "sha256:e3a62f0520172440ca0dcc823749319382e377f37f140a0b99ef45fecb84bfe7"},
]
distlib = [
    {file = "distlib-0.3.1-py2.py3-none-any.whl", hash = "sha256:8c09de2c67b3e7deef7184574fc060ab8a793e7adbb183d942c389c8b13c52fb"},
    {file = "distlib-0.3.1.zip", hash = "sha256:edf6116872c863e1aa9d5bb7cb5e05a022c519a4594dc703843343a9ddd9bff1"},
]
django = [
    {file = "Django-3.1.7-py3-none-any.whl", hash = "sha256:baf099db36ad31f970775d0be5587cc58a6256a6771a44eb795b554d45f211b8"},
    {file = "Django-3.1.7.tar.gz", hash = "sha256:32ce792ee9b6a0cbbec340123e229ac9f765dff8c2a4ae9247a14b2ba3a365a7"},
]
django-filter = [
    {file = "django-filter-2.4.0.tar.gz", hash = "sha256:84e9d5bb93f237e451db814ed422a3a625751cbc9968b484ecc74964a8696b06"},
    {file = "django_filter-2.4.0-py3-none-any.whl", hash = "sha256:e00d32cebdb3d54273c48f4f878f898dced8d5dfaad009438fe61ebdf535ace1"},
]
djangorestframework = [
    {file = "djangorestframework-3.12.2-py3-none-any.whl", hash = "sha256:0209bafcb7b5010fdfec784034f059d512256424de2a0f084cb82b096d6dd6a7"},
    {file = "djangorestframework-3.12.2.tar.gz", hash = "sha256:0898182b4737a7b584a2c73735d89816343369f259fea932d90dc78e35d8ac33"},
]
factory-boy = [
    {file = "factory_boy-2.12.0-py2.py3-none-any.whl", hash = "sha256:728df59b372c9588b83153facf26d3d28947fc750e8e3c95cefa9bed0e6394ee"},
    {file = "factory_boy-2.12.0.tar.gz", hash = "sha256:faf48d608a1735f0d0a3c9cbf536d64f9132b547dae7ba452c4d99a79e84a370"},
]
faker = [
    {file = "Faker-6.6.2-py3-none-any.whl", hash = "sha256:60a7263104ef7a14ecfe2af1142d53924aa534ccec85cea82bb67b2b32f84421"},
    {file = "Faker-6.6.2.tar.gz", hash = "sha256:f43ac743c34affb1c7fccca8b06450371cd482b6ddcb4110e420acb24356e70b"},
]
filelock = [
    {file = "filelock-3.0.12-py3-none-any.whl", hash = "sha256:929b7d63ec5b7d6b71b0fa5ac14e030b3f70b75747cef1b10da9b879fef15836"},
    {file = "filelock-3.0.12.tar.gz", hash = "sha256:18d82244ee114f543149c66a6e0c14e9c4f8a1044b5cdaadd0f82159d6a6ff59"},
]
flake8 = [
    {file = "flake8-3.9.0-py2.py3-none-any.whl", hash = "sha256:12d05ab02614b6aee8df7c36b97d1a3b2372761222b19b58621355e82acddcff"},
    {file = "flake8-3.9.0.tar.gz", hash = "sha256:78873e372b12b093da7b5e5ed302e8ad9e988b38b063b61ad937f26ca58fc5f0"},
]
gitdb = [
    {file = "gitdb-4.0.5-py3-none-any.whl", hash = "sha256:91f36bfb1ab7949b3b40e23736db18231bf7593edada2ba5c3a174a7b23657ac"},
    {file = "gitdb-4.0.5.tar.gz", hash = "sha256:c9e1f2d0db7ddb9a704c2a0217be31214e91a4fe1dea1efad19ae42ba0c285c9"},
]
gitpython = [
    {file = "GitPython-3.1.14-py3-none-any.whl", hash = "sha256:3283ae2fba31c913d857e12e5ba5f9a7772bbc064ae2bb09efafa71b0dd4939b"},
    {file = "GitPython-3.1.14.tar.gz", hash = "sha256:be27633e7509e58391f10207cd32b2a6cf5b908f92d9cd30da2e514e1137af61"},
]
graphene = [
    {file = "graphene-3.0b7-py2.py3-none-any.whl", hash = "sha256:70293cd3cd301eb8ab69f43b18bff0223bbb458ed74904bd3dffa69f802bf6ef"},
    {file = "graphene-3.0b7.tar.gz", hash = "sha256:03e1cb640ad48669eaf5a4228be216f7dce72b6ca3e9b1dd568e429001897642"},
]
graphene-django = [
    {file = "graphene-django-3.0.0b7.tar.gz", hash = "sha256:b1a4ce1a2227b1e77f67f0bc2fadd59c1d05016cb9aced45ab65f8612fba2c87"},
    {file = "graphene_django-3.0.0b7-py2.py3-none-any.whl", hash = "sha256:0f226ec7db744a54dbc5d6db2aa52d945701ae800e1055046dec2b76a539550a"},
]
graphql-core = [
    {file = "graphql-core-3.1.3.tar.gz", hash = "sha256:db599b57b0f7dc13541922a83b30192be573b7143330ef3613813942ce4073a0"},
    {file = "graphql_core-3.1.3-py3-none-any.whl", hash = "sha256:95b0d6510bb5532dcac5927f5dfd674a580b33d6ba6417c3dc75086d9a210c83"},
]
graphql-relay = [
    {file = "graphql-relay-3.1.0.tar.gz", hash = "sha256:70d5a7ee5995ea7c2a9a37e51227663b1a464f1f40e98fdde950be5415dfe0b4"},
    {file = "graphql_relay-3.1.0-py3-none-any.whl", hash = "sha256:2cda0ac0199dd56c28ca4f6e0381cdcf5787809c06d1507df3c2a738f9ad846f"},
]
importlib-metadata = [
    {file = "importlib_metadata-3.7.3-py3-none-any.whl", hash = "sha256:b74159469b464a99cb8cc3e21973e4d96e05d3024d337313fedb618a6e86e6f4"},
    {file = "importlib_metadata-3.7.3.tar.gz", hash = "sha256:742add720a20d0467df2f444ae41704000f50e1234f46174b51f9c6031a1bd71"},
]
importlib-resources = [
    {file = "importlib_resources-5.1.2-py3-none-any.whl", hash = "sha256:ebab3efe74d83b04d6bf5cd9a17f0c5c93e60fb60f30c90f56265fce4682a469"},
    {file = "importlib_resources-5.1.2.tar.gz", hash = "sha256:642586fc4740bd1cad7690f836b3321309402b20b332529f25617ff18e8e1370"},
]
ipdb = [
    {file = "ipdb-0.11.tar.gz", hash = "sha256:7081c65ed7bfe7737f83fa4213ca8afd9617b42ff6b3f1daf9a3419839a2a00a"},
]
ipython = [
    {file = "ipython-7.16.1-py3-none-any.whl", hash = "sha256:2dbcc8c27ca7d3cfe4fcdff7f45b27f9a8d3edfa70ff8024a71c7a8eb5f09d64"},
    {file = "ipython-7.16.1.tar.gz", hash = "sha256:9f4fcb31d3b2c533333893b9172264e4821c1ac91839500f31bd43f2c59b3ccf"},
]
ipython-genutils = [
    {file = "ipython_genutils-0.2.0-py2.py3-none-any.whl", hash = "sha256:72dd37233799e619666c9f639a9da83c34013a73e8bbc79a7a6348d93c61fab8"},
    {file = "ipython_genutils-0.2.0.tar.gz", hash = "sha256:eb2e116e75ecef9d4d228fdc66af54269afa26ab4463042e33785b887c628ba8"},
]
jedi = [
    {file = "jedi-0.18.0-py2.py3-none-any.whl", hash = "sha256:18456d83f65f400ab0c2d3319e48520420ef43b23a086fdc05dff34132f0fb93"},
    {file = "jedi-0.18.0.tar.gz", hash = "sha256:92550a404bad8afed881a137ec9a461fed49eca661414be45059329614ed0707"},
]
mccabe = [
    {file = "mccabe-0.6.1-py2.py3-none-any.whl", hash = "sha256:ab8a6258860da4b6677da4bd2fe5dc2c659cff31b3ee4f7f5d64e79735b80d42"},
    {file = "mccabe-0.6.1.tar.gz", hash = "sha256:dd8d182285a0fe56bace7f45b5e7d1a6ebcbf524e8f3bd87eb0f125271b8831f"},
]
more-itertools = [
    {file = "more-itertools-8.7.0.tar.gz", hash = "sha256:c5d6da9ca3ff65220c3bfd2a8db06d698f05d4d2b9be57e1deb2be5a45019713"},
    {file = "more_itertools-8.7.0-py3-none-any.whl", hash = "sha256:5652a9ac72209ed7df8d9c15daf4e1aa0e3d2ccd3c87f8265a0673cd9cbc9ced"},
]
packaging = [
    {file = "packaging-20.9-py2.py3-none-any.whl", hash = "sha256:67714da7f7bc052e064859c05c595155bd1ee9f69f76557e21f051443c20947a"},
    {file = "packaging-20.9.tar.gz", hash = "sha256:5b327ac1320dc863dca72f4514ecc086f31186744b84a230374cc1fd776feae5"},
]
parso = [
    {file = "parso-0.8.1-py2.py3-none-any.whl", hash = "sha256:15b00182f472319383252c18d5913b69269590616c947747bc50bf4ac768f410"},
    {file = "parso-0.8.1.tar.gz", hash = "sha256:8519430ad07087d4c997fda3a7918f7cfa27cb58972a8c89c2a0295a1c940e9e"},
]
pbr = [
    {file = "pbr-5.5.1-py2.py3-none-any.whl", hash = "sha256:b236cde0ac9a6aedd5e3c34517b423cd4fd97ef723849da6b0d2231142d89c00"},
    {file = "pbr-5.5.1.tar.gz", hash = "sha256:5fad80b613c402d5b7df7bd84812548b2a61e9977387a80a5fc5c396492b13c9"},
]
pexpect = [
    {file = "pexpect-4.8.0-py2.py3-none-any.whl", hash = "sha256:0b48a55dcb3c05f3329815901ea4fc1537514d6ba867a152b581d69ae3710937"},
    {file = "pexpect-4.8.0.tar.gz", hash = "sha256:fc65a43959d153d0114afe13997d439c22823a27cefceb5ff35c2178c6784c0c"},
]
pickleshare = [
    {file = "pickleshare-0.7.5-py2.py3-none-any.whl", hash = "sha256:9649af414d74d4df115d5d718f82acb59c9d418196b7b4290ed47a12ce62df56"},
    {file = "pickleshare-0.7.5.tar.gz", hash = "sha256:87683d47965c1da65cdacaf31c8441d12b8044cdec9aca500cd78fc2c683afca"},
]
pluggy = [
    {file = "pluggy-0.13.1-py2.py3-none-any.whl", hash = "sha256:966c145cd83c96502c3c3868f50408687b38434af77734af1e9ca461a4081d2d"},
    {file = "pluggy-0.13.1.tar.gz", hash = "sha256:15b2acde666561e1298d71b523007ed7364de07029219b604cf808bfa1c765b0"},
]
promise = [
    {file = "promise-2.3.tar.gz", hash = "sha256:dfd18337c523ba4b6a58801c164c1904a9d4d1b1747c7d5dbf45b693a49d93d0"},
]
prompt-toolkit = [
    {file = "prompt_toolkit-3.0.3-py3-none-any.whl", hash = "sha256:c93e53af97f630f12f5f62a3274e79527936ed466f038953dfa379d4941f651a"},
    {file = "prompt_toolkit-3.0.3.tar.gz", hash = "sha256:a402e9bf468b63314e37460b68ba68243d55b2f8c4d0192f85a019af3945050e"},
]
ptyprocess = [
    {file = "ptyprocess-0.7.0-py2.py3-none-any.whl", hash = "sha256:4b41f3967fce3af57cc7e94b888626c18bf37a083e3651ca8feeb66d492fef35"},
    {file = "ptyprocess-0.7.0.tar.gz", hash = "sha256:5c5d0a3b48ceee0b48485e0c26037c0acd7d29765ca3fbb5cb3831d347423220"},
]
py = [
    {file = "py-1.10.0-py2.py3-none-any.whl", hash = "sha256:3b80836aa6d1feeaa108e046da6423ab8f6ceda6468545ae8d02d9d58d18818a"},
    {file = "py-1.10.0.tar.gz", hash = "sha256:21b81bda15b66ef5e1a777a21c4dcd9c20ad3efd0b3f817e7a809035269e1bd3"},
]
pycodestyle = [
    {file = "pycodestyle-2.7.0-py2.py3-none-any.whl", hash = "sha256:514f76d918fcc0b55c6680472f0a37970994e07bbb80725808c17089be302068"},
    {file = "pycodestyle-2.7.0.tar.gz", hash = "sha256:c389c1d06bf7904078ca03399a4816f974a1d590090fecea0c63ec26ebaf1cef"},
]
pyflakes = [
    {file = "pyflakes-2.3.0-py2.py3-none-any.whl", hash = "sha256:910208209dcea632721cb58363d0f72913d9e8cf64dc6f8ae2e02a3609aba40d"},
    {file = "pyflakes-2.3.0.tar.gz", hash = "sha256:e59fd8e750e588358f1b8885e5a4751203a0516e0ee6d34811089ac294c8806f"},
]
pygments = [
    {file = "Pygments-2.8.1-py3-none-any.whl", hash = "sha256:534ef71d539ae97d4c3a4cf7d6f110f214b0e687e92f9cb9d2a3b0d3101289c8"},
    {file = "Pygments-2.8.1.tar.gz", hash = "sha256:2656e1a6edcdabf4275f9a3640db59fd5de107d88e8663c5d4e9a0fa62f77f94"},
]
pyparsing = [
    {file = "pyparsing-2.4.7-py2.py3-none-any.whl", hash = "sha256:ef9d7589ef3c200abe66653d3f1ab1033c3c419ae9b9bdb1240a85b024efc88b"},
    {file = "pyparsing-2.4.7.tar.gz", hash = "sha256:c203ec8783bf771a155b207279b9bccb8dea02d8f0c9e5f8ead507bc3246ecc1"},
]
pytest = [
    {file = "pytest-3.10.1-py2.py3-none-any.whl", hash = "sha256:3f193df1cfe1d1609d4c583838bea3d532b18d6160fd3f55c9447fdca30848ec"},
    {file = "pytest-3.10.1.tar.gz", hash = "sha256:e246cf173c01169b9617fc07264b7b1316e78d7a650055235d6d897bc80d9660"},
]
pytest-cov = [
    {file = "pytest-cov-2.9.0.tar.gz", hash = "sha256:b6a814b8ed6247bd81ff47f038511b57fe1ce7f4cc25b9106f1a4b106f1d9322"},
    {file = "pytest_cov-2.9.0-py2.py3-none-any.whl", hash = "sha256:c87dfd8465d865655a8213859f1b4749b43448b5fae465cb981e16d52a811424"},
]
pytest-django = [
    {file = "pytest-django-3.10.0.tar.gz", hash = "sha256:4de6dbd077ed8606616958f77655fed0d5e3ee45159475671c7fa67596c6dba6"},
    {file = "pytest_django-3.10.0-py2.py3-none-any.whl", hash = "sha256:c33e3d3da14d8409b125d825d4e74da17bb252191bf6fc3da6856e27a8b73ea4"},
]
python-dateutil = [
    {file = "python-dateutil-2.8.1.tar.gz", hash = "sha256:73ebfe9dbf22e832286dafa60473e4cd239f8592f699aa5adaf10050e6e1823c"},
    {file = "python_dateutil-2.8.1-py2.py3-none-any.whl", hash = "sha256:75bb3f31ea686f1197762692a9ee6a7550b59fc6ca3a1f4b5d7e32fb98e2da2a"},
]
pytz = [
    {file = "pytz-2021.1-py2.py3-none-any.whl", hash = "sha256:eb10ce3e7736052ed3623d49975ce333bcd712c7bb19a58b9e2089d4057d0798"},
    {file = "pytz-2021.1.tar.gz", hash = "sha256:83a4a90894bf38e243cf052c8b58f381bfe9a7a483f6a9cab140bc7f702ac4da"},
]
pyyaml = [
    {file = "PyYAML-5.4.1-cp27-cp27m-macosx_10_9_x86_64.whl", hash = "sha256:3b2b1824fe7112845700f815ff6a489360226a5609b96ec2190a45e62a9fc922"},
    {file = "PyYAML-5.4.1-cp27-cp27m-win32.whl", hash = "sha256:129def1b7c1bf22faffd67b8f3724645203b79d8f4cc81f674654d9902cb4393"},
    {file = "PyYAML-5.4.1-cp27-cp27m-win_amd64.whl", hash = "sha256:4465124ef1b18d9ace298060f4eccc64b0850899ac4ac53294547536533800c8"},
    {file = "PyYAML-5.4.1-cp27-cp27mu-manylinux1_x86_64.whl", hash = "sha256:bb4191dfc9306777bc594117aee052446b3fa88737cd13b7188d0e7aa8162185"},
    {file = "PyYAML-5.4.1-cp36-cp36m-macosx_10_9_x86_64.whl", hash = "sha256:6c78645d400265a062508ae399b60b8c167bf003db364ecb26dcab2bda048253"},
    {file = "PyYAML-5.4.1-cp36-cp36m-manylinux1_x86_64.whl", hash = "sha256:4e0583d24c881e14342eaf4ec5fbc97f934b999a6828693a99157fde912540cc"},
    {file = "PyYAML-5.4.1-cp36-cp36m-manylinux2014_aarch64.whl", hash = "sha256:72a01f726a9c7851ca9bfad6fd09ca4e090a023c00945ea05ba1638c09dc3347"},
    {file = "PyYAML-5.4.1-cp36-cp36m-manylinux2014_s390x.whl", hash = "sha256:895f61ef02e8fed38159bb70f7e100e00f471eae2bc838cd0f4ebb21e28f8541"},
    {file = "PyYAML-5.4.1-cp36-cp36m-win32.whl", hash = "sha256:3bd0e463264cf257d1ffd2e40223b197271046d09dadf73a0fe82b9c1fc385a5"},
    {file = "PyYAML-5.4.1-cp36-cp36m-win_amd64.whl", hash = "sha256:e4fac90784481d221a8e4b1162afa7c47ed953be40d31ab4629ae917510051df"},
    {file = "PyYAML-5.4.1-cp37-cp37m-macosx_10_9_x86_64.whl", hash = "sha256:5accb17103e43963b80e6f837831f38d314a0495500067cb25afab2e8d7a4018"},
    {file = "PyYAML-5.4.1-cp37-cp37m-manylinux1_x86_64.whl", hash = "sha256:e1d4970ea66be07ae37a3c2e48b5ec63f7ba6804bdddfdbd3cfd954d25a82e63"},
    {file = "PyYAML-5.4.1-cp37-cp37m-manylinux2014_aarch64.whl", hash = "sha256:cb333c16912324fd5f769fff6bc5de372e9e7a202247b48870bc251ed40239aa"},
    {file = "PyYAML-5.4.1-cp37-cp37m-manylinux2014_s390x.whl", hash = "sha256:fe69978f3f768926cfa37b867e3843918e012cf83f680806599ddce33c2c68b0"},
    {file = "PyYAML-5.4.1-cp37-cp37m-win32.whl", hash = "sha256:dd5de0646207f053eb0d6c74ae45ba98c3395a571a2891858e87df7c9b9bd51b"},
    {file = "PyYAML-5.4.1-cp37-cp37m-win_amd64.whl", hash = "sha256:08682f6b72c722394747bddaf0aa62277e02557c0fd1c42cb853016a38f8dedf"},
    {file = "PyYAML-5.4.1-cp38-cp38-macosx_10_9_x86_64.whl", hash = "sha256:d2d9808ea7b4af864f35ea216be506ecec180628aced0704e34aca0b040ffe46"},
    {file = "PyYAML-5.4.1-cp38-cp38-manylinux1_x86_64.whl", hash = "sha256:8c1be557ee92a20f184922c7b6424e8ab6691788e6d86137c5d93c1a6ec1b8fb"},
    {file = "PyYAML-5.4.1-cp38-cp38-manylinux2014_aarch64.whl", hash = "sha256:fd7f6999a8070df521b6384004ef42833b9bd62cfee11a09bda1079b4b704247"},
    {file = "PyYAML-5.4.1-cp38-cp38-manylinux2014_s390x.whl", hash = "sha256:bfb51918d4ff3d77c1c856a9699f8492c612cde32fd3bcd344af9be34999bfdc"},
    {file = "PyYAML-5.4.1-cp38-cp38-win32.whl", hash = "sha256:fa5ae20527d8e831e8230cbffd9f8fe952815b2b7dae6ffec25318803a7528fc"},
    {file = "PyYAML-5.4.1-cp38-cp38-win_amd64.whl", hash = "sha256:0f5f5786c0e09baddcd8b4b45f20a7b5d61a7e7e99846e3c799b05c7c53fa696"},
    {file = "PyYAML-5.4.1-cp39-cp39-macosx_10_9_x86_64.whl", hash = "sha256:294db365efa064d00b8d1ef65d8ea2c3426ac366c0c4368d930bf1c5fb497f77"},
    {file = "PyYAML-5.4.1-cp39-cp39-manylinux1_x86_64.whl", hash = "sha256:74c1485f7707cf707a7aef42ef6322b8f97921bd89be2ab6317fd782c2d53183"},
    {file = "PyYAML-5.4.1-cp39-cp39-manylinux2014_aarch64.whl", hash = "sha256:d483ad4e639292c90170eb6f7783ad19490e7a8defb3e46f97dfe4bacae89122"},
    {file = "PyYAML-5.4.1-cp39-cp39-manylinux2014_s390x.whl", hash = "sha256:fdc842473cd33f45ff6bce46aea678a54e3d21f1b61a7750ce3c498eedfe25d6"},
    {file = "PyYAML-5.4.1-cp39-cp39-win32.whl", hash = "sha256:49d4cdd9065b9b6e206d0595fee27a96b5dd22618e7520c33204a4a3239d5b10"},
    {file = "PyYAML-5.4.1-cp39-cp39-win_amd64.whl", hash = "sha256:c20cfa2d49991c8b4147af39859b167664f2ad4561704ee74c1de03318e898db"},
    {file = "PyYAML-5.4.1.tar.gz", hash = "sha256:607774cbba28732bfa802b54baa7484215f530991055bb562efbed5b2f20a45e"},
]
six = [
    {file = "six-1.15.0-py2.py3-none-any.whl", hash = "sha256:8b74bedcbbbaca38ff6d7491d76f2b06b3592611af620f8426e82dddb04a5ced"},
    {file = "six-1.15.0.tar.gz", hash = "sha256:30639c035cdb23534cd4aa2dd52c3bf48f06e5f4a941509c8bafd8ce11080259"},
]
smmap = [
    {file = "smmap-3.0.5-py2.py3-none-any.whl", hash = "sha256:7bfcf367828031dc893530a29cb35eb8c8f2d7c8f2d0989354d75d24c8573714"},
    {file = "smmap-3.0.5.tar.gz", hash = "sha256:84c2751ef3072d4f6b2785ec7ee40244c6f45eb934d9e543e2c51f1bd3d54c50"},
]
sqlparse = [
    {file = "sqlparse-0.4.1-py3-none-any.whl", hash = "sha256:017cde379adbd6a1f15a61873f43e8274179378e95ef3fede90b5aa64d304ed0"},
    {file = "sqlparse-0.4.1.tar.gz", hash = "sha256:0f91fd2e829c44362cbcfab3e9ae12e22badaa8a29ad5ff599f9ec109f0454e8"},
]
stevedore = [
    {file = "stevedore-3.3.0-py3-none-any.whl", hash = "sha256:50d7b78fbaf0d04cd62411188fa7eedcb03eb7f4c4b37005615ceebe582aa82a"},
    {file = "stevedore-3.3.0.tar.gz", hash = "sha256:3a5bbd0652bf552748871eaa73a4a8dc2899786bc497a2aa1fcb4dcdb0debeee"},
]
text-unidecode = [
    {file = "text-unidecode-1.3.tar.gz", hash = "sha256:bad6603bb14d279193107714b288be206cac565dfa49aa5b105294dd5c4aab93"},
    {file = "text_unidecode-1.3-py2.py3-none-any.whl", hash = "sha256:1311f10e8b895935241623731c2ba64f4c455287888b18189350b67134a822e8"},
]
toml = [
    {file = "toml-0.10.2-py2.py3-none-any.whl", hash = "sha256:806143ae5bfb6a3c6e736a764057db0e6a0e05e338b5630894a5f779cabb4f9b"},
    {file = "toml-0.10.2.tar.gz", hash = "sha256:b3bda1d108d5dd99f4a20d24d9c348e91c4db7ab1b749200bded2f839ccbe68f"},
]
tox = [
    {file = "tox-3.23.0-py2.py3-none-any.whl", hash = "sha256:e007673f3595cede9b17a7c4962389e4305d4a3682a6c5a4159a1453b4f326aa"},
    {file = "tox-3.23.0.tar.gz", hash = "sha256:05a4dbd5e4d3d8269b72b55600f0b0303e2eb47ad5c6fe76d3576f4c58d93661"},
]
traitlets = [
    {file = "traitlets-4.3.3-py2.py3-none-any.whl", hash = "sha256:70b4c6a1d9019d7b4f6846832288f86998aa3b9207c6821f3578a6a6a467fe44"},
    {file = "traitlets-4.3.3.tar.gz", hash = "sha256:d023ee369ddd2763310e4c3eae1ff649689440d4ae59d7485eb4cfbbe3e359f7"},
]
typing-extensions = [
    {file = "typing_extensions-3.7.4.3-py2-none-any.whl", hash = "sha256:dafc7639cde7f1b6e1acc0f457842a83e722ccca8eef5270af2d74792619a89f"},
    {file = "typing_extensions-3.7.4.3-py3-none-any.whl", hash = "sha256:7cb407020f00f7bfc3cb3e7881628838e69d8f3fcab2f64742a5e76b2f841918"},
    {file = "typing_extensions-3.7.4.3.tar.gz", hash = "sha256:99d4073b617d30288f569d3f13d2bd7548c3a7e4c8de87db09a9d29bb3a4a60c"},
]
virtualenv = [
    {file = "virtualenv-20.4.3-py2.py3-none-any.whl", hash = "sha256:83f95875d382c7abafe06bd2a4cdd1b363e1bb77e02f155ebe8ac082a916b37c"},
    {file = "virtualenv-20.4.3.tar.gz", hash = "sha256:49ec4eb4c224c6f7dd81bb6d0a28a09ecae5894f4e593c89b0db0885f565a107"},
]
wcwidth = [
    {file = "wcwidth-0.2.5-py2.py3-none-any.whl", hash = "sha256:beb4802a9cebb9144e99086eff703a642a13d6a0052920003a230f3294bbe784"},
    {file = "wcwidth-0.2.5.tar.gz", hash = "sha256:c4d647b99872929fdb7bdcaa4fbe7f01413ed3d98077df798530e5b04f116c83"},
]
zipp = [
    {file = "zipp-3.4.1-py3-none-any.whl", hash = "sha256:51cb66cc54621609dd593d1787f286ee42a5c0adbb4b29abea5a63edc3e03098"},
    {file = "zipp-3.4.1.tar.gz", hash = "sha256:3607921face881ba3e026887d8150cca609d517579abe052ac81fc5aeffdbd76"},
]
